// !$*UTF8*$!
{
	archiveVersion = 1;
	classes = {
	};
	objectVersion = 46;
	objects = {

/* Begin PBXBuildFile section */
		1410354D1E640B40001A5F3A /* LJLoginViewController.m in Sources */ = {isa = PBXBuildFile; fileRef = 1410354C1E640B40001A5F3A /* LJLoginViewController.m */; };
		141035501E642BA0001A5F3A /* LJAddressSelectedViewController.m in Sources */ = {isa = PBXBuildFile; fileRef = 1410354F1E642BA0001A5F3A /* LJAddressSelectedViewController.m */; };
		1464B8F41E5BDE65003CC3BC /* LJOrderBaseViewController.m in Sources */ = {isa = PBXBuildFile; fileRef = 1464B8F31E5BDE65003CC3BC /* LJOrderBaseViewController.m */; };
		1464B8F81E5C00DB003CC3BC /* LJOrderTableViewCell.m in Sources */ = {isa = PBXBuildFile; fileRef = 1464B8F71E5C00DB003CC3BC /* LJOrderTableViewCell.m */; };
		1464B8FD1E5C1FD8003CC3BC /* LJOrderGoodsDetailTableViewCell.m in Sources */ = {isa = PBXBuildFile; fileRef = 1464B8FC1E5C1FD8003CC3BC /* LJOrderGoodsDetailTableViewCell.m */; };
		1464B9001E5C2F44003CC3BC /* LJPayOrderViewController.m in Sources */ = {isa = PBXBuildFile; fileRef = 1464B8FF1E5C2F44003CC3BC /* LJPayOrderViewController.m */; };
		1464B9031E5C2F5D003CC3BC /* LJReceiveOrderViewController.m in Sources */ = {isa = PBXBuildFile; fileRef = 1464B9021E5C2F5D003CC3BC /* LJReceiveOrderViewController.m */; };
		1464B9061E5C2F8A003CC3BC /* LJEvaluateOrderViewController.m in Sources */ = {isa = PBXBuildFile; fileRef = 1464B9051E5C2F8A003CC3BC /* LJEvaluateOrderViewController.m */; };
		1464B9091E5C2FA7003CC3BC /* LJReturnGoodsOrderViewController.m in Sources */ = {isa = PBXBuildFile; fileRef = 1464B9081E5C2FA7003CC3BC /* LJReturnGoodsOrderViewController.m */; };
		1464B90C1E5C2FCF003CC3BC /* LJDeliverOreViewController.m in Sources */ = {isa = PBXBuildFile; fileRef = 1464B90B1E5C2FCF003CC3BC /* LJDeliverOreViewController.m */; };
		1464B90F1E5C2FE1003CC3BC /* LJAllOrderViewController.m in Sources */ = {isa = PBXBuildFile; fileRef = 1464B90E1E5C2FE1003CC3BC /* LJAllOrderViewController.m */; };
		1466CFC71E5D684500843FA9 /* LJMyCollectViewController.m in Sources */ = {isa = PBXBuildFile; fileRef = 1466CFC61E5D684500843FA9 /* LJMyCollectViewController.m */; };
		1466CFCB1E5D69C500843FA9 /* LJMyCollectCollectionViewCell.m in Sources */ = {isa = PBXBuildFile; fileRef = 1466CFCA1E5D69C500843FA9 /* LJMyCollectCollectionViewCell.m */; };
		1466CFCE1E5D82B600843FA9 /* LJMyCollectDetailViewController.m in Sources */ = {isa = PBXBuildFile; fileRef = 1466CFCD1E5D82B600843FA9 /* LJMyCollectDetailViewController.m */; };
		1466CFD11E5D888C00843FA9 /* LJMyCollectDetailTableViewCell.m in Sources */ = {isa = PBXBuildFile; fileRef = 1466CFD01E5D888C00843FA9 /* LJMyCollectDetailTableViewCell.m */; };
		1466CFD41E5DA79600843FA9 /* LJBalanceViewController.m in Sources */ = {isa = PBXBuildFile; fileRef = 1466CFD31E5DA79600843FA9 /* LJBalanceViewController.m */; };
		1466CFD81E5DB60D00843FA9 /* LJBalanceDetailViewController.m in Sources */ = {isa = PBXBuildFile; fileRef = 1466CFD71E5DB60D00843FA9 /* LJBalanceDetailViewController.m */; };
		1466CFDB1E5DB64C00843FA9 /* LJIntefralViewController.m in Sources */ = {isa = PBXBuildFile; fileRef = 1466CFDA1E5DB64C00843FA9 /* LJIntefralViewController.m */; };
		1466CFDF1E5DBDD600843FA9 /* LJIntefralRuleViewController.m in Sources */ = {isa = PBXBuildFile; fileRef = 1466CFDE1E5DBDD600843FA9 /* LJIntefralRuleViewController.m */; };
		1466CFE31E5DBE1C00843FA9 /* LJIntegralTableViewCell.m in Sources */ = {isa = PBXBuildFile; fileRef = 1466CFE21E5DBE1C00843FA9 /* LJIntegralTableViewCell.m */; };
		1466CFE71E5DBE3D00843FA9 /* LJBalanceTableViewCell.m in Sources */ = {isa = PBXBuildFile; fileRef = 1466CFE61E5DBE3D00843FA9 /* LJBalanceTableViewCell.m */; };
		146A2E7B1E5A93530092928D /* LJShoppingCarTableViewCell.m in Sources */ = {isa = PBXBuildFile; fileRef = 146A2E7A1E5A93530092928D /* LJShoppingCarTableViewCell.m */; };
		146A2E7E1E5ABEDB0092928D /* LJInventoryTableViewCell.m in Sources */ = {isa = PBXBuildFile; fileRef = 146A2E7D1E5ABEDB0092928D /* LJInventoryTableViewCell.m */; };
		146A2E811E5ABF190092928D /* LJInventoryViewController.m in Sources */ = {isa = PBXBuildFile; fileRef = 146A2E801E5ABF190092928D /* LJInventoryViewController.m */; };
		146A2E871E5AF7020092928D /* LJInventoryDetailViewController.m in Sources */ = {isa = PBXBuildFile; fileRef = 146A2E861E5AF7020092928D /* LJInventoryDetailViewController.m */; };
		146A2E8B1E5B2F280092928D /* LJShoppingCarModel.m in Sources */ = {isa = PBXBuildFile; fileRef = 146A2E8A1E5B2F280092928D /* LJShoppingCarModel.m */; };
		146AE8181E5EBAB30035F526 /* LJOrderModel.m in Sources */ = {isa = PBXBuildFile; fileRef = 146AE8171E5EBAB30035F526 /* LJOrderModel.m */; };
		146AE81D1E5EBADE0035F526 /* LJGoodsModel.m in Sources */ = {isa = PBXBuildFile; fileRef = 146AE81C1E5EBADE0035F526 /* LJGoodsModel.m */; };
		146E22C91E5133EA00C1658D /* xianchufangTests.m in Sources */ = {isa = PBXBuildFile; fileRef = 146E22C81E5133EA00C1658D /* xianchufangTests.m */; };
		146E22D41E5133EA00C1658D /* xianchufangUITests.m in Sources */ = {isa = PBXBuildFile; fileRef = 146E22D31E5133EA00C1658D /* xianchufangUITests.m */; };
		14786BA71E55429E0099451B /* LJImageLeftButton.m in Sources */ = {isa = PBXBuildFile; fileRef = 14786BA61E55429E0099451B /* LJImageLeftButton.m */; };
		14786BAA1E555B740099451B /* LJModifyPhoneNumViewController.m in Sources */ = {isa = PBXBuildFile; fileRef = 14786BA91E555B740099451B /* LJModifyPhoneNumViewController.m */; };
		14786BAD1E559D5F0099451B /* LJAddressSetViewController.m in Sources */ = {isa = PBXBuildFile; fileRef = 14786BAC1E559D5F0099451B /* LJAddressSetViewController.m */; };
		14786BB01E559FED0099451B /* LJAddressSetTableViewCell.m in Sources */ = {isa = PBXBuildFile; fileRef = 14786BAF1E559FED0099451B /* LJAddressSetTableViewCell.m */; };
		1481977F1E62999C00CCAC3A /* LJOnlineServiceTableViewCell.m in Sources */ = {isa = PBXBuildFile; fileRef = 1481977E1E62999C00CCAC3A /* LJOnlineServiceTableViewCell.m */; };
		148197821E629DD300CCAC3A /* LJOnlineServiceModel.m in Sources */ = {isa = PBXBuildFile; fileRef = 148197811E629DD300CCAC3A /* LJOnlineServiceModel.m */; };
		148688461E5347210019DD3E /* LJRadDot.m in Sources */ = {isa = PBXBuildFile; fileRef = 148688451E5347210019DD3E /* LJRadDot.m */; };
		1486DAF41E53FAFA0096E46D /* LJSettingViewController.m in Sources */ = {isa = PBXBuildFile; fileRef = 1486DAF31E53FAFA0096E46D /* LJSettingViewController.m */; };
		1486DAF81E5428200096E46D /* LJUserInfoViewController.m in Sources */ = {isa = PBXBuildFile; fileRef = 1486DAF71E5428200096E46D /* LJUserInfoViewController.m */; };
		1486DAFB1E543AD70096E46D /* LJBaseTableViewCell.m in Sources */ = {isa = PBXBuildFile; fileRef = 1486DAFA1E543AD70096E46D /* LJBaseTableViewCell.m */; };
		1486DAFF1E543B4C0096E46D /* LJUserHeaderTableViewCell.m in Sources */ = {isa = PBXBuildFile; fileRef = 1486DAFE1E543B4C0096E46D /* LJUserHeaderTableViewCell.m */; };
		1486DB021E544EEF0096E46D /* LJTooltip.m in Sources */ = {isa = PBXBuildFile; fileRef = 1486DB011E544EEF0096E46D /* LJTooltip.m */; };
		1488724E1E5FCCDF003941AD /* LJInventoryModel.m in Sources */ = {isa = PBXBuildFile; fileRef = 1488724D1E5FCCDF003941AD /* LJInventoryModel.m */; };
		148872511E600328003941AD /* LJAddressModel.m in Sources */ = {isa = PBXBuildFile; fileRef = 148872501E600328003941AD /* LJAddressModel.m */; };
		148872591E6039E5003941AD /* LJOnlineServiceViewController.m in Sources */ = {isa = PBXBuildFile; fileRef = 148872581E6039E5003941AD /* LJOnlineServiceViewController.m */; };
		1488725C1E603AAF003941AD /* LJInputView.m in Sources */ = {isa = PBXBuildFile; fileRef = 1488725B1E603AAF003941AD /* LJInputView.m */; };
		1488C8041E56927A00C1AC27 /* LJNewAddressViewController.m in Sources */ = {isa = PBXBuildFile; fileRef = 1488C8031E56927A00C1AC27 /* LJNewAddressViewController.m */; };
		1488C8071E56B6B700C1AC27 /* LJVerifyInfo.m in Sources */ = {isa = PBXBuildFile; fileRef = 1488C8061E56B6B700C1AC27 /* LJVerifyInfo.m */; };
		1488C80A1E5704FE00C1AC27 /* LJModifyPwdViewController.m in Sources */ = {isa = PBXBuildFile; fileRef = 1488C8091E5704FE00C1AC27 /* LJModifyPwdViewController.m */; };
		1488C80D1E573A9900C1AC27 /* LJCheckUpdateViewController.m in Sources */ = {isa = PBXBuildFile; fileRef = 1488C80C1E573A9900C1AC27 /* LJCheckUpdateViewController.m */; };
		1488C8101E574ABD00C1AC27 /* LJOpinionViewController.m in Sources */ = {isa = PBXBuildFile; fileRef = 1488C80F1E574ABD00C1AC27 /* LJOpinionViewController.m */; };
		14CD5BC11E65112400179B88 /* LJNewsCenterViewController.m in Sources */ = {isa = PBXBuildFile; fileRef = 14CD5BC01E65112400179B88 /* LJNewsCenterViewController.m */; };
		14CD5BC51E65115800179B88 /* LJNewsCenterTableViewCell.m in Sources */ = {isa = PBXBuildFile; fileRef = 14CD5BC41E65115800179B88 /* LJNewsCenterTableViewCell.m */; };
		14CD5BC91E65531600179B88 /* LJCommitOrderViewController.m in Sources */ = {isa = PBXBuildFile; fileRef = 14CD5BC81E65531600179B88 /* LJCommitOrderViewController.m */; };
		14CD5BCD1E655EC800179B88 /* LJCommitOrderAddressTableViewCell.m in Sources */ = {isa = PBXBuildFile; fileRef = 14CD5BCC1E655EC800179B88 /* LJCommitOrderAddressTableViewCell.m */; };
		14CD5BD61E656D6700179B88 /* LJCommitOrderGoodsDetailTableViewCell.m in Sources */ = {isa = PBXBuildFile; fileRef = 14CD5BD51E656D6700179B88 /* LJCommitOrderGoodsDetailTableViewCell.m */; };
		14CD5BD91E657FB400179B88 /* LJCommitOrderCarMOder.m in Sources */ = {isa = PBXBuildFile; fileRef = 14CD5BD81E657FB400179B88 /* LJCommitOrderCarMOder.m */; };
		14CD5BE21E65A16800179B88 /* LJOrderBaseDetailViewController.m in Sources */ = {isa = PBXBuildFile; fileRef = 14CD5BE11E65A16800179B88 /* LJOrderBaseDetailViewController.m */; };
		14CD5BE51E65A81000179B88 /* LJOrderBaseDetailStatusTableViewCell.m in Sources */ = {isa = PBXBuildFile; fileRef = 14CD5BE41E65A81000179B88 /* LJOrderBaseDetailStatusTableViewCell.m */; };
		14D4C5CC1E665E81005B1451 /* InfoPlist.strings in Resources */ = {isa = PBXBuildFile; fileRef = 14D4C5CE1E665E81005B1451 /* InfoPlist.strings */; };
		14D4C5D21E66B7AB005B1451 /* LJPaymentSuccessViewController.m in Sources */ = {isa = PBXBuildFile; fileRef = 14D4C5D11E66B7AB005B1451 /* LJPaymentSuccessViewController.m */; };
		14DE12151E51BCA700836B46 /* UIImage+LJExtension.m in Sources */ = {isa = PBXBuildFile; fileRef = 14DE12141E51BCA700836B46 /* UIImage+LJExtension.m */; };
		14DE12181E51F01C00836B46 /* UIFont+LJExtension.m in Sources */ = {isa = PBXBuildFile; fileRef = 14DE12171E51F01C00836B46 /* UIFont+LJExtension.m */; };
		14DE12201E51FC1600836B46 /* LJOrderStatusTableViewCell.m in Sources */ = {isa = PBXBuildFile; fileRef = 14DE121F1E51FC1600836B46 /* LJOrderStatusTableViewCell.m */; };
		14DE12231E51FD1700836B46 /* LJButton.m in Sources */ = {isa = PBXBuildFile; fileRef = 14DE12221E51FD1700836B46 /* LJButton.m */; };
		14E05BE11E5137710057D3AE /* LJHomeViewController.m in Sources */ = {isa = PBXBuildFile; fileRef = 14E05BAC1E5137710057D3AE /* LJHomeViewController.m */; };
		14E05BE21E5137710057D3AE /* LJMeViewController.m in Sources */ = {isa = PBXBuildFile; fileRef = 14E05BB61E5137710057D3AE /* LJMeViewController.m */; };
		14E05BE31E5137710057D3AE /* LJShoppingCartViewController.m in Sources */ = {isa = PBXBuildFile; fileRef = 14E05BBC1E5137710057D3AE /* LJShoppingCartViewController.m */; };
		14E05BE41E5137710057D3AE /* UIBarButtonItem+LJExtension.m in Sources */ = {isa = PBXBuildFile; fileRef = 14E05BC21E5137710057D3AE /* UIBarButtonItem+LJExtension.m */; };
		14E05BE51E5137710057D3AE /* UIView+LJExtension.m in Sources */ = {isa = PBXBuildFile; fileRef = 14E05BC41E5137710057D3AE /* UIView+LJExtension.m */; };
		14E05BE61E5137710057D3AE /* LJBaseNavigationController.m in Sources */ = {isa = PBXBuildFile; fileRef = 14E05BC71E5137710057D3AE /* LJBaseNavigationController.m */; };
		14E05BE71E5137710057D3AE /* LJBaseViewController.m in Sources */ = {isa = PBXBuildFile; fileRef = 14E05BC91E5137710057D3AE /* LJBaseViewController.m */; };
		14E05BE81E5137710057D3AE /* LJConstants.m in Sources */ = {isa = PBXBuildFile; fileRef = 14E05BCD1E5137710057D3AE /* LJConstants.m */; };
		14E05BE91E5137710057D3AE /* LJData.m in Sources */ = {isa = PBXBuildFile; fileRef = 14E05BCF1E5137710057D3AE /* LJData.m */; };
		14E05BEA1E5137710057D3AE /* LJMD5Encrypt.m in Sources */ = {isa = PBXBuildFile; fileRef = 14E05BD11E5137710057D3AE /* LJMD5Encrypt.m */; };
		14E05BEC1E5137710057D3AE /* main.m in Sources */ = {isa = PBXBuildFile; fileRef = 14E05BD51E5137710057D3AE /* main.m */; };
		14E05BED1E5137710057D3AE /* AppDelegate.m in Sources */ = {isa = PBXBuildFile; fileRef = 14E05BDA1E5137710057D3AE /* AppDelegate.m */; };
		14E05BEE1E5137710057D3AE /* LJRootViewController.m in Sources */ = {isa = PBXBuildFile; fileRef = 14E05BDC1E5137710057D3AE /* LJRootViewController.m */; };
		14E05BEF1E5137710057D3AE /* Assets.xcassets in Resources */ = {isa = PBXBuildFile; fileRef = 14E05BDE1E5137710057D3AE /* Assets.xcassets */; };
		14E05BF01E5137710057D3AE /* LaunchScreen.storyboard in Resources */ = {isa = PBXBuildFile; fileRef = 14E05BDF1E5137710057D3AE /* LaunchScreen.storyboard */; };
		14E05BF31E513B170057D3AE /* LJClassifyViewController.m in Sources */ = {isa = PBXBuildFile; fileRef = 14E05BF21E513B170057D3AE /* LJClassifyViewController.m */; };
		3079644388D28315695CE2BF /* libPods-xianchufangUITests.a in Frameworks */ = {isa = PBXBuildFile; fileRef = 32082EDFE29F9CB6DE42F8D7 /* libPods-xianchufangUITests.a */; };
		6AF5B8F6A1DBE27DBD8378D5 /* libPods-xianchufangTests.a in Frameworks */ = {isa = PBXBuildFile; fileRef = 9477BE687B951CEA28FE1489 /* libPods-xianchufangTests.a */; };
		9CE1E843D8B6A4722BA02921 /* libPods-xianchufang.a in Frameworks */ = {isa = PBXBuildFile; fileRef = 6D09D534CF2861434950BB01 /* libPods-xianchufang.a */; };
/* End PBXBuildFile section */

/* Begin PBXContainerItemProxy section */
		146E22C51E5133EA00C1658D /* PBXContainerItemProxy */ = {
			isa = PBXContainerItemProxy;
			containerPortal = 146E22A31E5133EA00C1658D /* Project object */;
			proxyType = 1;
			remoteGlobalIDString = 146E22AA1E5133EA00C1658D;
			remoteInfo = xianchufang;
		};
		146E22D01E5133EA00C1658D /* PBXContainerItemProxy */ = {
			isa = PBXContainerItemProxy;
			containerPortal = 146E22A31E5133EA00C1658D /* Project object */;
			proxyType = 1;
			remoteGlobalIDString = 146E22AA1E5133EA00C1658D;
			remoteInfo = xianchufang;
		};
/* End PBXContainerItemProxy section */

/* Begin PBXFileReference section */
		046EC9BC7D6EACBAEA68AED6 /* Pods-xianchufang.release.xcconfig */ = {isa = PBXFileReference; includeInIndex = 1; lastKnownFileType = text.xcconfig; name = "Pods-xianchufang.release.xcconfig"; path = "Pods/Target Support Files/Pods-xianchufang/Pods-xianchufang.release.xcconfig"; sourceTree = "<group>"; };
		1410354B1E640B40001A5F3A /* LJLoginViewController.h */ = {isa = PBXFileReference; fileEncoding = 4; lastKnownFileType = sourcecode.c.h; path = LJLoginViewController.h; sourceTree = "<group>"; };
		1410354C1E640B40001A5F3A /* LJLoginViewController.m */ = {isa = PBXFileReference; fileEncoding = 4; lastKnownFileType = sourcecode.c.objc; path = LJLoginViewController.m; sourceTree = "<group>"; };
		1410354E1E642BA0001A5F3A /* LJAddressSelectedViewController.h */ = {isa = PBXFileReference; fileEncoding = 4; lastKnownFileType = sourcecode.c.h; path = LJAddressSelectedViewController.h; sourceTree = "<group>"; };
		1410354F1E642BA0001A5F3A /* LJAddressSelectedViewController.m */ = {isa = PBXFileReference; fileEncoding = 4; lastKnownFileType = sourcecode.c.objc; path = LJAddressSelectedViewController.m; sourceTree = "<group>"; };
		1464B8F21E5BDE65003CC3BC /* LJOrderBaseViewController.h */ = {isa = PBXFileReference; fileEncoding = 4; lastKnownFileType = sourcecode.c.h; path = LJOrderBaseViewController.h; sourceTree = "<group>"; };
		1464B8F31E5BDE65003CC3BC /* LJOrderBaseViewController.m */ = {isa = PBXFileReference; fileEncoding = 4; lastKnownFileType = sourcecode.c.objc; path = LJOrderBaseViewController.m; sourceTree = "<group>"; };
		1464B8F61E5C00DB003CC3BC /* LJOrderTableViewCell.h */ = {isa = PBXFileReference; fileEncoding = 4; lastKnownFileType = sourcecode.c.h; path = LJOrderTableViewCell.h; sourceTree = "<group>"; };
		1464B8F71E5C00DB003CC3BC /* LJOrderTableViewCell.m */ = {isa = PBXFileReference; fileEncoding = 4; lastKnownFileType = sourcecode.c.objc; path = LJOrderTableViewCell.m; sourceTree = "<group>"; };
		1464B8FB1E5C1FD8003CC3BC /* LJOrderGoodsDetailTableViewCell.h */ = {isa = PBXFileReference; fileEncoding = 4; lastKnownFileType = sourcecode.c.h; path = LJOrderGoodsDetailTableViewCell.h; sourceTree = "<group>"; };
		1464B8FC1E5C1FD8003CC3BC /* LJOrderGoodsDetailTableViewCell.m */ = {isa = PBXFileReference; fileEncoding = 4; lastKnownFileType = sourcecode.c.objc; path = LJOrderGoodsDetailTableViewCell.m; sourceTree = "<group>"; };
		1464B8FE1E5C2F44003CC3BC /* LJPayOrderViewController.h */ = {isa = PBXFileReference; fileEncoding = 4; lastKnownFileType = sourcecode.c.h; path = LJPayOrderViewController.h; sourceTree = "<group>"; };
		1464B8FF1E5C2F44003CC3BC /* LJPayOrderViewController.m */ = {isa = PBXFileReference; fileEncoding = 4; lastKnownFileType = sourcecode.c.objc; path = LJPayOrderViewController.m; sourceTree = "<group>"; };
		1464B9011E5C2F5D003CC3BC /* LJReceiveOrderViewController.h */ = {isa = PBXFileReference; fileEncoding = 4; lastKnownFileType = sourcecode.c.h; path = LJReceiveOrderViewController.h; sourceTree = "<group>"; };
		1464B9021E5C2F5D003CC3BC /* LJReceiveOrderViewController.m */ = {isa = PBXFileReference; fileEncoding = 4; lastKnownFileType = sourcecode.c.objc; path = LJReceiveOrderViewController.m; sourceTree = "<group>"; };
		1464B9041E5C2F8A003CC3BC /* LJEvaluateOrderViewController.h */ = {isa = PBXFileReference; fileEncoding = 4; lastKnownFileType = sourcecode.c.h; path = LJEvaluateOrderViewController.h; sourceTree = "<group>"; };
		1464B9051E5C2F8A003CC3BC /* LJEvaluateOrderViewController.m */ = {isa = PBXFileReference; fileEncoding = 4; lastKnownFileType = sourcecode.c.objc; path = LJEvaluateOrderViewController.m; sourceTree = "<group>"; };
		1464B9071E5C2FA7003CC3BC /* LJReturnGoodsOrderViewController.h */ = {isa = PBXFileReference; fileEncoding = 4; lastKnownFileType = sourcecode.c.h; path = LJReturnGoodsOrderViewController.h; sourceTree = "<group>"; };
		1464B9081E5C2FA7003CC3BC /* LJReturnGoodsOrderViewController.m */ = {isa = PBXFileReference; fileEncoding = 4; lastKnownFileType = sourcecode.c.objc; path = LJReturnGoodsOrderViewController.m; sourceTree = "<group>"; };
		1464B90A1E5C2FCF003CC3BC /* LJDeliverOreViewController.h */ = {isa = PBXFileReference; fileEncoding = 4; lastKnownFileType = sourcecode.c.h; path = LJDeliverOreViewController.h; sourceTree = "<group>"; };
		1464B90B1E5C2FCF003CC3BC /* LJDeliverOreViewController.m */ = {isa = PBXFileReference; fileEncoding = 4; lastKnownFileType = sourcecode.c.objc; path = LJDeliverOreViewController.m; sourceTree = "<group>"; };
		1464B90D1E5C2FE1003CC3BC /* LJAllOrderViewController.h */ = {isa = PBXFileReference; fileEncoding = 4; lastKnownFileType = sourcecode.c.h; path = LJAllOrderViewController.h; sourceTree = "<group>"; };
		1464B90E1E5C2FE1003CC3BC /* LJAllOrderViewController.m */ = {isa = PBXFileReference; fileEncoding = 4; lastKnownFileType = sourcecode.c.objc; path = LJAllOrderViewController.m; sourceTree = "<group>"; };
		1466CFC51E5D684500843FA9 /* LJMyCollectViewController.h */ = {isa = PBXFileReference; fileEncoding = 4; lastKnownFileType = sourcecode.c.h; path = LJMyCollectViewController.h; sourceTree = "<group>"; };
		1466CFC61E5D684500843FA9 /* LJMyCollectViewController.m */ = {isa = PBXFileReference; fileEncoding = 4; lastKnownFileType = sourcecode.c.objc; path = LJMyCollectViewController.m; sourceTree = "<group>"; };
		1466CFC91E5D69C500843FA9 /* LJMyCollectCollectionViewCell.h */ = {isa = PBXFileReference; fileEncoding = 4; lastKnownFileType = sourcecode.c.h; path = LJMyCollectCollectionViewCell.h; sourceTree = "<group>"; };
		1466CFCA1E5D69C500843FA9 /* LJMyCollectCollectionViewCell.m */ = {isa = PBXFileReference; fileEncoding = 4; lastKnownFileType = sourcecode.c.objc; path = LJMyCollectCollectionViewCell.m; sourceTree = "<group>"; };
		1466CFCC1E5D82B600843FA9 /* LJMyCollectDetailViewController.h */ = {isa = PBXFileReference; fileEncoding = 4; lastKnownFileType = sourcecode.c.h; path = LJMyCollectDetailViewController.h; sourceTree = "<group>"; };
		1466CFCD1E5D82B600843FA9 /* LJMyCollectDetailViewController.m */ = {isa = PBXFileReference; fileEncoding = 4; lastKnownFileType = sourcecode.c.objc; path = LJMyCollectDetailViewController.m; sourceTree = "<group>"; };
		1466CFCF1E5D888C00843FA9 /* LJMyCollectDetailTableViewCell.h */ = {isa = PBXFileReference; fileEncoding = 4; lastKnownFileType = sourcecode.c.h; path = LJMyCollectDetailTableViewCell.h; sourceTree = "<group>"; };
		1466CFD01E5D888C00843FA9 /* LJMyCollectDetailTableViewCell.m */ = {isa = PBXFileReference; fileEncoding = 4; lastKnownFileType = sourcecode.c.objc; path = LJMyCollectDetailTableViewCell.m; sourceTree = "<group>"; };
		1466CFD21E5DA79600843FA9 /* LJBalanceViewController.h */ = {isa = PBXFileReference; fileEncoding = 4; lastKnownFileType = sourcecode.c.h; path = LJBalanceViewController.h; sourceTree = "<group>"; };
		1466CFD31E5DA79600843FA9 /* LJBalanceViewController.m */ = {isa = PBXFileReference; fileEncoding = 4; lastKnownFileType = sourcecode.c.objc; path = LJBalanceViewController.m; sourceTree = "<group>"; };
		1466CFD61E5DB60D00843FA9 /* LJBalanceDetailViewController.h */ = {isa = PBXFileReference; fileEncoding = 4; lastKnownFileType = sourcecode.c.h; path = LJBalanceDetailViewController.h; sourceTree = "<group>"; };
		1466CFD71E5DB60D00843FA9 /* LJBalanceDetailViewController.m */ = {isa = PBXFileReference; fileEncoding = 4; lastKnownFileType = sourcecode.c.objc; path = LJBalanceDetailViewController.m; sourceTree = "<group>"; };
		1466CFD91E5DB64C00843FA9 /* LJIntefralViewController.h */ = {isa = PBXFileReference; fileEncoding = 4; lastKnownFileType = sourcecode.c.h; path = LJIntefralViewController.h; sourceTree = "<group>"; };
		1466CFDA1E5DB64C00843FA9 /* LJIntefralViewController.m */ = {isa = PBXFileReference; fileEncoding = 4; lastKnownFileType = sourcecode.c.objc; path = LJIntefralViewController.m; sourceTree = "<group>"; };
		1466CFDD1E5DBDD600843FA9 /* LJIntefralRuleViewController.h */ = {isa = PBXFileReference; fileEncoding = 4; lastKnownFileType = sourcecode.c.h; path = LJIntefralRuleViewController.h; sourceTree = "<group>"; };
		1466CFDE1E5DBDD600843FA9 /* LJIntefralRuleViewController.m */ = {isa = PBXFileReference; fileEncoding = 4; lastKnownFileType = sourcecode.c.objc; path = LJIntefralRuleViewController.m; sourceTree = "<group>"; };
		1466CFE11E5DBE1C00843FA9 /* LJIntegralTableViewCell.h */ = {isa = PBXFileReference; fileEncoding = 4; lastKnownFileType = sourcecode.c.h; path = LJIntegralTableViewCell.h; sourceTree = "<group>"; };
		1466CFE21E5DBE1C00843FA9 /* LJIntegralTableViewCell.m */ = {isa = PBXFileReference; fileEncoding = 4; lastKnownFileType = sourcecode.c.objc; path = LJIntegralTableViewCell.m; sourceTree = "<group>"; };
		1466CFE51E5DBE3D00843FA9 /* LJBalanceTableViewCell.h */ = {isa = PBXFileReference; fileEncoding = 4; lastKnownFileType = sourcecode.c.h; path = LJBalanceTableViewCell.h; sourceTree = "<group>"; };
		1466CFE61E5DBE3D00843FA9 /* LJBalanceTableViewCell.m */ = {isa = PBXFileReference; fileEncoding = 4; lastKnownFileType = sourcecode.c.objc; path = LJBalanceTableViewCell.m; sourceTree = "<group>"; };
		146A2E791E5A93530092928D /* LJShoppingCarTableViewCell.h */ = {isa = PBXFileReference; fileEncoding = 4; lastKnownFileType = sourcecode.c.h; path = LJShoppingCarTableViewCell.h; sourceTree = "<group>"; };
		146A2E7A1E5A93530092928D /* LJShoppingCarTableViewCell.m */ = {isa = PBXFileReference; fileEncoding = 4; lastKnownFileType = sourcecode.c.objc; path = LJShoppingCarTableViewCell.m; sourceTree = "<group>"; };
		146A2E7C1E5ABEDB0092928D /* LJInventoryTableViewCell.h */ = {isa = PBXFileReference; fileEncoding = 4; lastKnownFileType = sourcecode.c.h; path = LJInventoryTableViewCell.h; sourceTree = "<group>"; };
		146A2E7D1E5ABEDB0092928D /* LJInventoryTableViewCell.m */ = {isa = PBXFileReference; fileEncoding = 4; lastKnownFileType = sourcecode.c.objc; path = LJInventoryTableViewCell.m; sourceTree = "<group>"; };
		146A2E7F1E5ABF190092928D /* LJInventoryViewController.h */ = {isa = PBXFileReference; fileEncoding = 4; lastKnownFileType = sourcecode.c.h; path = LJInventoryViewController.h; sourceTree = "<group>"; };
		146A2E801E5ABF190092928D /* LJInventoryViewController.m */ = {isa = PBXFileReference; fileEncoding = 4; lastKnownFileType = sourcecode.c.objc; path = LJInventoryViewController.m; sourceTree = "<group>"; };
		146A2E851E5AF7020092928D /* LJInventoryDetailViewController.h */ = {isa = PBXFileReference; fileEncoding = 4; lastKnownFileType = sourcecode.c.h; path = LJInventoryDetailViewController.h; sourceTree = "<group>"; };
		146A2E861E5AF7020092928D /* LJInventoryDetailViewController.m */ = {isa = PBXFileReference; fileEncoding = 4; lastKnownFileType = sourcecode.c.objc; path = LJInventoryDetailViewController.m; sourceTree = "<group>"; };
		146A2E891E5B2F280092928D /* LJShoppingCarModel.h */ = {isa = PBXFileReference; fileEncoding = 4; lastKnownFileType = sourcecode.c.h; path = LJShoppingCarModel.h; sourceTree = "<group>"; };
		146A2E8A1E5B2F280092928D /* LJShoppingCarModel.m */ = {isa = PBXFileReference; fileEncoding = 4; lastKnownFileType = sourcecode.c.objc; path = LJShoppingCarModel.m; sourceTree = "<group>"; };
		146AE8161E5EBAB30035F526 /* LJOrderModel.h */ = {isa = PBXFileReference; fileEncoding = 4; lastKnownFileType = sourcecode.c.h; path = LJOrderModel.h; sourceTree = "<group>"; };
		146AE8171E5EBAB30035F526 /* LJOrderModel.m */ = {isa = PBXFileReference; fileEncoding = 4; lastKnownFileType = sourcecode.c.objc; path = LJOrderModel.m; sourceTree = "<group>"; };
		146AE81B1E5EBADE0035F526 /* LJGoodsModel.h */ = {isa = PBXFileReference; fileEncoding = 4; lastKnownFileType = sourcecode.c.h; path = LJGoodsModel.h; sourceTree = "<group>"; };
		146AE81C1E5EBADE0035F526 /* LJGoodsModel.m */ = {isa = PBXFileReference; fileEncoding = 4; lastKnownFileType = sourcecode.c.objc; path = LJGoodsModel.m; sourceTree = "<group>"; };
		146E22AB1E5133EA00C1658D /* xianchufang.app */ = {isa = PBXFileReference; explicitFileType = wrapper.application; includeInIndex = 0; path = xianchufang.app; sourceTree = BUILT_PRODUCTS_DIR; };
		146E22C41E5133EA00C1658D /* xianchufangTests.xctest */ = {isa = PBXFileReference; explicitFileType = wrapper.cfbundle; includeInIndex = 0; path = xianchufangTests.xctest; sourceTree = BUILT_PRODUCTS_DIR; };
		146E22C81E5133EA00C1658D /* xianchufangTests.m */ = {isa = PBXFileReference; lastKnownFileType = sourcecode.c.objc; path = xianchufangTests.m; sourceTree = "<group>"; };
		146E22CA1E5133EA00C1658D /* Info.plist */ = {isa = PBXFileReference; lastKnownFileType = text.plist.xml; path = Info.plist; sourceTree = "<group>"; };
		146E22CF1E5133EA00C1658D /* xianchufangUITests.xctest */ = {isa = PBXFileReference; explicitFileType = wrapper.cfbundle; includeInIndex = 0; path = xianchufangUITests.xctest; sourceTree = BUILT_PRODUCTS_DIR; };
		146E22D31E5133EA00C1658D /* xianchufangUITests.m */ = {isa = PBXFileReference; lastKnownFileType = sourcecode.c.objc; path = xianchufangUITests.m; sourceTree = "<group>"; };
		146E22D51E5133EA00C1658D /* Info.plist */ = {isa = PBXFileReference; lastKnownFileType = text.plist.xml; path = Info.plist; sourceTree = "<group>"; };
		14786BA51E55429E0099451B /* LJImageLeftButton.h */ = {isa = PBXFileReference; fileEncoding = 4; lastKnownFileType = sourcecode.c.h; path = LJImageLeftButton.h; sourceTree = "<group>"; };
		14786BA61E55429E0099451B /* LJImageLeftButton.m */ = {isa = PBXFileReference; fileEncoding = 4; lastKnownFileType = sourcecode.c.objc; path = LJImageLeftButton.m; sourceTree = "<group>"; };
		14786BA81E555B740099451B /* LJModifyPhoneNumViewController.h */ = {isa = PBXFileReference; fileEncoding = 4; lastKnownFileType = sourcecode.c.h; path = LJModifyPhoneNumViewController.h; sourceTree = "<group>"; };
		14786BA91E555B740099451B /* LJModifyPhoneNumViewController.m */ = {isa = PBXFileReference; fileEncoding = 4; lastKnownFileType = sourcecode.c.objc; path = LJModifyPhoneNumViewController.m; sourceTree = "<group>"; };
		14786BAB1E559D5F0099451B /* LJAddressSetViewController.h */ = {isa = PBXFileReference; fileEncoding = 4; lastKnownFileType = sourcecode.c.h; path = LJAddressSetViewController.h; sourceTree = "<group>"; };
		14786BAC1E559D5F0099451B /* LJAddressSetViewController.m */ = {isa = PBXFileReference; fileEncoding = 4; lastKnownFileType = sourcecode.c.objc; path = LJAddressSetViewController.m; sourceTree = "<group>"; };
		14786BAE1E559FED0099451B /* LJAddressSetTableViewCell.h */ = {isa = PBXFileReference; fileEncoding = 4; lastKnownFileType = sourcecode.c.h; path = LJAddressSetTableViewCell.h; sourceTree = "<group>"; };
		14786BAF1E559FED0099451B /* LJAddressSetTableViewCell.m */ = {isa = PBXFileReference; fileEncoding = 4; lastKnownFileType = sourcecode.c.objc; path = LJAddressSetTableViewCell.m; sourceTree = "<group>"; };
		1481977D1E62999C00CCAC3A /* LJOnlineServiceTableViewCell.h */ = {isa = PBXFileReference; fileEncoding = 4; lastKnownFileType = sourcecode.c.h; path = LJOnlineServiceTableViewCell.h; sourceTree = "<group>"; };
		1481977E1E62999C00CCAC3A /* LJOnlineServiceTableViewCell.m */ = {isa = PBXFileReference; fileEncoding = 4; lastKnownFileType = sourcecode.c.objc; path = LJOnlineServiceTableViewCell.m; sourceTree = "<group>"; };
		148197801E629DD300CCAC3A /* LJOnlineServiceModel.h */ = {isa = PBXFileReference; fileEncoding = 4; lastKnownFileType = sourcecode.c.h; path = LJOnlineServiceModel.h; sourceTree = "<group>"; };
		148197811E629DD300CCAC3A /* LJOnlineServiceModel.m */ = {isa = PBXFileReference; fileEncoding = 4; lastKnownFileType = sourcecode.c.objc; path = LJOnlineServiceModel.m; sourceTree = "<group>"; };
		148688441E5347210019DD3E /* LJRadDot.h */ = {isa = PBXFileReference; fileEncoding = 4; lastKnownFileType = sourcecode.c.h; path = LJRadDot.h; sourceTree = "<group>"; };
		148688451E5347210019DD3E /* LJRadDot.m */ = {isa = PBXFileReference; fileEncoding = 4; lastKnownFileType = sourcecode.c.objc; path = LJRadDot.m; sourceTree = "<group>"; };
		1486DAF21E53FAFA0096E46D /* LJSettingViewController.h */ = {isa = PBXFileReference; fileEncoding = 4; lastKnownFileType = sourcecode.c.h; path = LJSettingViewController.h; sourceTree = "<group>"; };
		1486DAF31E53FAFA0096E46D /* LJSettingViewController.m */ = {isa = PBXFileReference; fileEncoding = 4; lastKnownFileType = sourcecode.c.objc; path = LJSettingViewController.m; sourceTree = "<group>"; };
		1486DAF61E5428200096E46D /* LJUserInfoViewController.h */ = {isa = PBXFileReference; fileEncoding = 4; lastKnownFileType = sourcecode.c.h; path = LJUserInfoViewController.h; sourceTree = "<group>"; };
		1486DAF71E5428200096E46D /* LJUserInfoViewController.m */ = {isa = PBXFileReference; fileEncoding = 4; lastKnownFileType = sourcecode.c.objc; path = LJUserInfoViewController.m; sourceTree = "<group>"; };
		1486DAF91E543AD70096E46D /* LJBaseTableViewCell.h */ = {isa = PBXFileReference; fileEncoding = 4; lastKnownFileType = sourcecode.c.h; path = LJBaseTableViewCell.h; sourceTree = "<group>"; };
		1486DAFA1E543AD70096E46D /* LJBaseTableViewCell.m */ = {isa = PBXFileReference; fileEncoding = 4; lastKnownFileType = sourcecode.c.objc; path = LJBaseTableViewCell.m; sourceTree = "<group>"; };
		1486DAFD1E543B4C0096E46D /* LJUserHeaderTableViewCell.h */ = {isa = PBXFileReference; fileEncoding = 4; lastKnownFileType = sourcecode.c.h; path = LJUserHeaderTableViewCell.h; sourceTree = "<group>"; };
		1486DAFE1E543B4C0096E46D /* LJUserHeaderTableViewCell.m */ = {isa = PBXFileReference; fileEncoding = 4; lastKnownFileType = sourcecode.c.objc; path = LJUserHeaderTableViewCell.m; sourceTree = "<group>"; };
		1486DB001E544EEF0096E46D /* LJTooltip.h */ = {isa = PBXFileReference; fileEncoding = 4; lastKnownFileType = sourcecode.c.h; name = LJTooltip.h; path = xianchufang/Common/View/LJTooltip.h; sourceTree = SOURCE_ROOT; };
		1486DB011E544EEF0096E46D /* LJTooltip.m */ = {isa = PBXFileReference; fileEncoding = 4; lastKnownFileType = sourcecode.c.objc; name = LJTooltip.m; path = xianchufang/Common/View/LJTooltip.m; sourceTree = SOURCE_ROOT; };
		1488724C1E5FCCDF003941AD /* LJInventoryModel.h */ = {isa = PBXFileReference; fileEncoding = 4; lastKnownFileType = sourcecode.c.h; path = LJInventoryModel.h; sourceTree = "<group>"; };
		1488724D1E5FCCDF003941AD /* LJInventoryModel.m */ = {isa = PBXFileReference; fileEncoding = 4; lastKnownFileType = sourcecode.c.objc; path = LJInventoryModel.m; sourceTree = "<group>"; };
		1488724F1E600328003941AD /* LJAddressModel.h */ = {isa = PBXFileReference; fileEncoding = 4; lastKnownFileType = sourcecode.c.h; path = LJAddressModel.h; sourceTree = "<group>"; };
		148872501E600328003941AD /* LJAddressModel.m */ = {isa = PBXFileReference; fileEncoding = 4; lastKnownFileType = sourcecode.c.objc; path = LJAddressModel.m; sourceTree = "<group>"; };
		148872571E6039E5003941AD /* LJOnlineServiceViewController.h */ = {isa = PBXFileReference; fileEncoding = 4; lastKnownFileType = sourcecode.c.h; path = LJOnlineServiceViewController.h; sourceTree = "<group>"; };
		148872581E6039E5003941AD /* LJOnlineServiceViewController.m */ = {isa = PBXFileReference; fileEncoding = 4; lastKnownFileType = sourcecode.c.objc; path = LJOnlineServiceViewController.m; sourceTree = "<group>"; };
		1488725A1E603AAF003941AD /* LJInputView.h */ = {isa = PBXFileReference; fileEncoding = 4; lastKnownFileType = sourcecode.c.h; path = LJInputView.h; sourceTree = "<group>"; };
		1488725B1E603AAF003941AD /* LJInputView.m */ = {isa = PBXFileReference; fileEncoding = 4; lastKnownFileType = sourcecode.c.objc; path = LJInputView.m; sourceTree = "<group>"; };
		1488C8021E56927A00C1AC27 /* LJNewAddressViewController.h */ = {isa = PBXFileReference; fileEncoding = 4; lastKnownFileType = sourcecode.c.h; path = LJNewAddressViewController.h; sourceTree = "<group>"; };
		1488C8031E56927A00C1AC27 /* LJNewAddressViewController.m */ = {isa = PBXFileReference; fileEncoding = 4; lastKnownFileType = sourcecode.c.objc; path = LJNewAddressViewController.m; sourceTree = "<group>"; };
		1488C8051E56B6B700C1AC27 /* LJVerifyInfo.h */ = {isa = PBXFileReference; fileEncoding = 4; lastKnownFileType = sourcecode.c.h; path = LJVerifyInfo.h; sourceTree = "<group>"; };
		1488C8061E56B6B700C1AC27 /* LJVerifyInfo.m */ = {isa = PBXFileReference; fileEncoding = 4; lastKnownFileType = sourcecode.c.objc; path = LJVerifyInfo.m; sourceTree = "<group>"; };
		1488C8081E5704FE00C1AC27 /* LJModifyPwdViewController.h */ = {isa = PBXFileReference; fileEncoding = 4; lastKnownFileType = sourcecode.c.h; path = LJModifyPwdViewController.h; sourceTree = "<group>"; };
		1488C8091E5704FE00C1AC27 /* LJModifyPwdViewController.m */ = {isa = PBXFileReference; fileEncoding = 4; lastKnownFileType = sourcecode.c.objc; path = LJModifyPwdViewController.m; sourceTree = "<group>"; };
		1488C80B1E573A9900C1AC27 /* LJCheckUpdateViewController.h */ = {isa = PBXFileReference; fileEncoding = 4; lastKnownFileType = sourcecode.c.h; path = LJCheckUpdateViewController.h; sourceTree = "<group>"; };
		1488C80C1E573A9900C1AC27 /* LJCheckUpdateViewController.m */ = {isa = PBXFileReference; fileEncoding = 4; lastKnownFileType = sourcecode.c.objc; path = LJCheckUpdateViewController.m; sourceTree = "<group>"; };
		1488C80E1E574ABD00C1AC27 /* LJOpinionViewController.h */ = {isa = PBXFileReference; fileEncoding = 4; lastKnownFileType = sourcecode.c.h; path = LJOpinionViewController.h; sourceTree = "<group>"; };
		1488C80F1E574ABD00C1AC27 /* LJOpinionViewController.m */ = {isa = PBXFileReference; fileEncoding = 4; lastKnownFileType = sourcecode.c.objc; path = LJOpinionViewController.m; sourceTree = "<group>"; };
		14CD5BBF1E65112400179B88 /* LJNewsCenterViewController.h */ = {isa = PBXFileReference; fileEncoding = 4; lastKnownFileType = sourcecode.c.h; path = LJNewsCenterViewController.h; sourceTree = "<group>"; };
		14CD5BC01E65112400179B88 /* LJNewsCenterViewController.m */ = {isa = PBXFileReference; fileEncoding = 4; lastKnownFileType = sourcecode.c.objc; path = LJNewsCenterViewController.m; sourceTree = "<group>"; };
		14CD5BC31E65115800179B88 /* LJNewsCenterTableViewCell.h */ = {isa = PBXFileReference; fileEncoding = 4; lastKnownFileType = sourcecode.c.h; path = LJNewsCenterTableViewCell.h; sourceTree = "<group>"; };
		14CD5BC41E65115800179B88 /* LJNewsCenterTableViewCell.m */ = {isa = PBXFileReference; fileEncoding = 4; lastKnownFileType = sourcecode.c.objc; path = LJNewsCenterTableViewCell.m; sourceTree = "<group>"; };
		14CD5BC71E65531600179B88 /* LJCommitOrderViewController.h */ = {isa = PBXFileReference; fileEncoding = 4; lastKnownFileType = sourcecode.c.h; path = LJCommitOrderViewController.h; sourceTree = "<group>"; };
		14CD5BC81E65531600179B88 /* LJCommitOrderViewController.m */ = {isa = PBXFileReference; fileEncoding = 4; lastKnownFileType = sourcecode.c.objc; path = LJCommitOrderViewController.m; sourceTree = "<group>"; };
		14CD5BCB1E655EC800179B88 /* LJCommitOrderAddressTableViewCell.h */ = {isa = PBXFileReference; fileEncoding = 4; lastKnownFileType = sourcecode.c.h; path = LJCommitOrderAddressTableViewCell.h; sourceTree = "<group>"; };
		14CD5BCC1E655EC800179B88 /* LJCommitOrderAddressTableViewCell.m */ = {isa = PBXFileReference; fileEncoding = 4; lastKnownFileType = sourcecode.c.objc; path = LJCommitOrderAddressTableViewCell.m; sourceTree = "<group>"; };
		14CD5BD41E656D6700179B88 /* LJCommitOrderGoodsDetailTableViewCell.h */ = {isa = PBXFileReference; fileEncoding = 4; lastKnownFileType = sourcecode.c.h; path = LJCommitOrderGoodsDetailTableViewCell.h; sourceTree = "<group>"; };
		14CD5BD51E656D6700179B88 /* LJCommitOrderGoodsDetailTableViewCell.m */ = {isa = PBXFileReference; fileEncoding = 4; lastKnownFileType = sourcecode.c.objc; path = LJCommitOrderGoodsDetailTableViewCell.m; sourceTree = "<group>"; };
		14CD5BD71E657FB400179B88 /* LJCommitOrderCarMOder.h */ = {isa = PBXFileReference; fileEncoding = 4; lastKnownFileType = sourcecode.c.h; path = LJCommitOrderCarMOder.h; sourceTree = "<group>"; };
		14CD5BD81E657FB400179B88 /* LJCommitOrderCarMOder.m */ = {isa = PBXFileReference; fileEncoding = 4; lastKnownFileType = sourcecode.c.objc; path = LJCommitOrderCarMOder.m; sourceTree = "<group>"; };
		14CD5BE01E65A16800179B88 /* LJOrderBaseDetailViewController.h */ = {isa = PBXFileReference; fileEncoding = 4; lastKnownFileType = sourcecode.c.h; path = LJOrderBaseDetailViewController.h; sourceTree = "<group>"; };
		14CD5BE11E65A16800179B88 /* LJOrderBaseDetailViewController.m */ = {isa = PBXFileReference; fileEncoding = 4; lastKnownFileType = sourcecode.c.objc; path = LJOrderBaseDetailViewController.m; sourceTree = "<group>"; };
		14CD5BE31E65A81000179B88 /* LJOrderBaseDetailStatusTableViewCell.h */ = {isa = PBXFileReference; fileEncoding = 4; lastKnownFileType = sourcecode.c.h; path = LJOrderBaseDetailStatusTableViewCell.h; sourceTree = "<group>"; };
		14CD5BE41E65A81000179B88 /* LJOrderBaseDetailStatusTableViewCell.m */ = {isa = PBXFileReference; fileEncoding = 4; lastKnownFileType = sourcecode.c.objc; path = LJOrderBaseDetailStatusTableViewCell.m; sourceTree = "<group>"; };
		14D4C5CB1E665E58005B1451 /* zh-Hans */ = {isa = PBXFileReference; lastKnownFileType = text.plist.strings; name = "zh-Hans"; path = "zh-Hans.lproj/LaunchScreen.strings"; sourceTree = "<group>"; };
		14D4C5CD1E665E81005B1451 /* zh-Hans */ = {isa = PBXFileReference; lastKnownFileType = text.plist.strings; name = "zh-Hans"; path = "zh-Hans.lproj/InfoPlist.strings"; sourceTree = "<group>"; };
		14D4C5CF1E665E91005B1451 /* en */ = {isa = PBXFileReference; lastKnownFileType = text.plist.strings; name = en; path = en.lproj/InfoPlist.strings; sourceTree = "<group>"; };
		14D4C5D01E66B7AB005B1451 /* LJPaymentSuccessViewController.h */ = {isa = PBXFileReference; fileEncoding = 4; lastKnownFileType = sourcecode.c.h; path = LJPaymentSuccessViewController.h; sourceTree = "<group>"; };
		14D4C5D11E66B7AB005B1451 /* LJPaymentSuccessViewController.m */ = {isa = PBXFileReference; fileEncoding = 4; lastKnownFileType = sourcecode.c.objc; path = LJPaymentSuccessViewController.m; sourceTree = "<group>"; };
		14DE12131E51BCA700836B46 /* UIImage+LJExtension.h */ = {isa = PBXFileReference; fileEncoding = 4; lastKnownFileType = sourcecode.c.h; path = "UIImage+LJExtension.h"; sourceTree = "<group>"; };
		14DE12141E51BCA700836B46 /* UIImage+LJExtension.m */ = {isa = PBXFileReference; fileEncoding = 4; lastKnownFileType = sourcecode.c.objc; path = "UIImage+LJExtension.m"; sourceTree = "<group>"; };
		14DE12161E51F01C00836B46 /* UIFont+LJExtension.h */ = {isa = PBXFileReference; fileEncoding = 4; lastKnownFileType = sourcecode.c.h; path = "UIFont+LJExtension.h"; sourceTree = "<group>"; };
		14DE12171E51F01C00836B46 /* UIFont+LJExtension.m */ = {isa = PBXFileReference; fileEncoding = 4; lastKnownFileType = sourcecode.c.objc; path = "UIFont+LJExtension.m"; sourceTree = "<group>"; };
		14DE121E1E51FC1600836B46 /* LJOrderStatusTableViewCell.h */ = {isa = PBXFileReference; fileEncoding = 4; lastKnownFileType = sourcecode.c.h; path = LJOrderStatusTableViewCell.h; sourceTree = "<group>"; };
		14DE121F1E51FC1600836B46 /* LJOrderStatusTableViewCell.m */ = {isa = PBXFileReference; fileEncoding = 4; lastKnownFileType = sourcecode.c.objc; path = LJOrderStatusTableViewCell.m; sourceTree = "<group>"; };
		14DE12211E51FD1700836B46 /* LJButton.h */ = {isa = PBXFileReference; fileEncoding = 4; lastKnownFileType = sourcecode.c.h; path = LJButton.h; sourceTree = "<group>"; };
		14DE12221E51FD1700836B46 /* LJButton.m */ = {isa = PBXFileReference; fileEncoding = 4; lastKnownFileType = sourcecode.c.objc; path = LJButton.m; sourceTree = "<group>"; };
		14E05BAB1E5137710057D3AE /* LJHomeViewController.h */ = {isa = PBXFileReference; fileEncoding = 4; lastKnownFileType = sourcecode.c.h; path = LJHomeViewController.h; sourceTree = "<group>"; };
		14E05BAC1E5137710057D3AE /* LJHomeViewController.m */ = {isa = PBXFileReference; fileEncoding = 4; lastKnownFileType = sourcecode.c.objc; path = LJHomeViewController.m; sourceTree = "<group>"; };
		14E05BB51E5137710057D3AE /* LJMeViewController.h */ = {isa = PBXFileReference; fileEncoding = 4; lastKnownFileType = sourcecode.c.h; path = LJMeViewController.h; sourceTree = "<group>"; };
		14E05BB61E5137710057D3AE /* LJMeViewController.m */ = {isa = PBXFileReference; fileEncoding = 4; lastKnownFileType = sourcecode.c.objc; path = LJMeViewController.m; sourceTree = "<group>"; };
		14E05BBB1E5137710057D3AE /* LJShoppingCartViewController.h */ = {isa = PBXFileReference; fileEncoding = 4; lastKnownFileType = sourcecode.c.h; path = LJShoppingCartViewController.h; sourceTree = "<group>"; };
		14E05BBC1E5137710057D3AE /* LJShoppingCartViewController.m */ = {isa = PBXFileReference; fileEncoding = 4; lastKnownFileType = sourcecode.c.objc; path = LJShoppingCartViewController.m; sourceTree = "<group>"; };
		14E05BC11E5137710057D3AE /* UIBarButtonItem+LJExtension.h */ = {isa = PBXFileReference; fileEncoding = 4; lastKnownFileType = sourcecode.c.h; path = "UIBarButtonItem+LJExtension.h"; sourceTree = "<group>"; };
		14E05BC21E5137710057D3AE /* UIBarButtonItem+LJExtension.m */ = {isa = PBXFileReference; fileEncoding = 4; lastKnownFileType = sourcecode.c.objc; path = "UIBarButtonItem+LJExtension.m"; sourceTree = "<group>"; };
		14E05BC31E5137710057D3AE /* UIView+LJExtension.h */ = {isa = PBXFileReference; fileEncoding = 4; lastKnownFileType = sourcecode.c.h; path = "UIView+LJExtension.h"; sourceTree = "<group>"; };
		14E05BC41E5137710057D3AE /* UIView+LJExtension.m */ = {isa = PBXFileReference; fileEncoding = 4; lastKnownFileType = sourcecode.c.objc; path = "UIView+LJExtension.m"; sourceTree = "<group>"; };
		14E05BC61E5137710057D3AE /* LJBaseNavigationController.h */ = {isa = PBXFileReference; fileEncoding = 4; lastKnownFileType = sourcecode.c.h; path = LJBaseNavigationController.h; sourceTree = "<group>"; };
		14E05BC71E5137710057D3AE /* LJBaseNavigationController.m */ = {isa = PBXFileReference; fileEncoding = 4; lastKnownFileType = sourcecode.c.objc; path = LJBaseNavigationController.m; sourceTree = "<group>"; };
		14E05BC81E5137710057D3AE /* LJBaseViewController.h */ = {isa = PBXFileReference; fileEncoding = 4; lastKnownFileType = sourcecode.c.h; path = LJBaseViewController.h; sourceTree = "<group>"; };
		14E05BC91E5137710057D3AE /* LJBaseViewController.m */ = {isa = PBXFileReference; fileEncoding = 4; lastKnownFileType = sourcecode.c.objc; path = LJBaseViewController.m; sourceTree = "<group>"; };
		14E05BCC1E5137710057D3AE /* LJConstants.h */ = {isa = PBXFileReference; fileEncoding = 4; lastKnownFileType = sourcecode.c.h; path = LJConstants.h; sourceTree = "<group>"; };
		14E05BCD1E5137710057D3AE /* LJConstants.m */ = {isa = PBXFileReference; fileEncoding = 4; lastKnownFileType = sourcecode.c.objc; path = LJConstants.m; sourceTree = "<group>"; };
		14E05BCE1E5137710057D3AE /* LJData.h */ = {isa = PBXFileReference; fileEncoding = 4; lastKnownFileType = sourcecode.c.h; path = LJData.h; sourceTree = "<group>"; };
		14E05BCF1E5137710057D3AE /* LJData.m */ = {isa = PBXFileReference; fileEncoding = 4; lastKnownFileType = sourcecode.c.objc; path = LJData.m; sourceTree = "<group>"; };
		14E05BD01E5137710057D3AE /* LJMD5Encrypt.h */ = {isa = PBXFileReference; fileEncoding = 4; lastKnownFileType = sourcecode.c.h; path = LJMD5Encrypt.h; sourceTree = "<group>"; };
		14E05BD11E5137710057D3AE /* LJMD5Encrypt.m */ = {isa = PBXFileReference; fileEncoding = 4; lastKnownFileType = sourcecode.c.objc; path = LJMD5Encrypt.m; sourceTree = "<group>"; };
		14E05BD41E5137710057D3AE /* Info.plist */ = {isa = PBXFileReference; fileEncoding = 4; lastKnownFileType = text.plist.xml; path = Info.plist; sourceTree = "<group>"; };
		14E05BD51E5137710057D3AE /* main.m */ = {isa = PBXFileReference; fileEncoding = 4; lastKnownFileType = sourcecode.c.objc; path = main.m; sourceTree = "<group>"; };
		14E05BD61E5137710057D3AE /* PrefixHeader.pch */ = {isa = PBXFileReference; fileEncoding = 4; lastKnownFileType = sourcecode.c.h; path = PrefixHeader.pch; sourceTree = "<group>"; };
		14E05BD91E5137710057D3AE /* AppDelegate.h */ = {isa = PBXFileReference; fileEncoding = 4; lastKnownFileType = sourcecode.c.h; path = AppDelegate.h; sourceTree = "<group>"; };
		14E05BDA1E5137710057D3AE /* AppDelegate.m */ = {isa = PBXFileReference; fileEncoding = 4; lastKnownFileType = sourcecode.c.objc; path = AppDelegate.m; sourceTree = "<group>"; };
		14E05BDB1E5137710057D3AE /* LJRootViewController.h */ = {isa = PBXFileReference; fileEncoding = 4; lastKnownFileType = sourcecode.c.h; path = LJRootViewController.h; sourceTree = "<group>"; };
		14E05BDC1E5137710057D3AE /* LJRootViewController.m */ = {isa = PBXFileReference; fileEncoding = 4; lastKnownFileType = sourcecode.c.objc; path = LJRootViewController.m; sourceTree = "<group>"; };
		14E05BDE1E5137710057D3AE /* Assets.xcassets */ = {isa = PBXFileReference; lastKnownFileType = folder.assetcatalog; path = Assets.xcassets; sourceTree = "<group>"; };
		14E05BE01E5137710057D3AE /* Base */ = {isa = PBXFileReference; lastKnownFileType = file.storyboard; name = Base; path = Base.lproj/LaunchScreen.storyboard; sourceTree = "<group>"; };
		14E05BF11E513B170057D3AE /* LJClassifyViewController.h */ = {isa = PBXFileReference; fileEncoding = 4; lastKnownFileType = sourcecode.c.h; path = LJClassifyViewController.h; sourceTree = "<group>"; };
		14E05BF21E513B170057D3AE /* LJClassifyViewController.m */ = {isa = PBXFileReference; fileEncoding = 4; lastKnownFileType = sourcecode.c.objc; path = LJClassifyViewController.m; sourceTree = "<group>"; };
		32082EDFE29F9CB6DE42F8D7 /* libPods-xianchufangUITests.a */ = {isa = PBXFileReference; explicitFileType = archive.ar; includeInIndex = 0; path = "libPods-xianchufangUITests.a"; sourceTree = BUILT_PRODUCTS_DIR; };
		330FEB2F19FFE9F2E194917C /* Pods-xianchufangTests.release.xcconfig */ = {isa = PBXFileReference; includeInIndex = 1; lastKnownFileType = text.xcconfig; name = "Pods-xianchufangTests.release.xcconfig"; path = "Pods/Target Support Files/Pods-xianchufangTests/Pods-xianchufangTests.release.xcconfig"; sourceTree = "<group>"; };
		42376F8938E036CF29AED4D0 /* Pods-xianchufangUITests.debug.xcconfig */ = {isa = PBXFileReference; includeInIndex = 1; lastKnownFileType = text.xcconfig; name = "Pods-xianchufangUITests.debug.xcconfig"; path = "Pods/Target Support Files/Pods-xianchufangUITests/Pods-xianchufangUITests.debug.xcconfig"; sourceTree = "<group>"; };
		441B679CD4B52A7E8ACDF875 /* Pods-xianchufangTests.debug.xcconfig */ = {isa = PBXFileReference; includeInIndex = 1; lastKnownFileType = text.xcconfig; name = "Pods-xianchufangTests.debug.xcconfig"; path = "Pods/Target Support Files/Pods-xianchufangTests/Pods-xianchufangTests.debug.xcconfig"; sourceTree = "<group>"; };
		6D09D534CF2861434950BB01 /* libPods-xianchufang.a */ = {isa = PBXFileReference; explicitFileType = archive.ar; includeInIndex = 0; path = "libPods-xianchufang.a"; sourceTree = BUILT_PRODUCTS_DIR; };
		89A3EB1C380063296445AF94 /* Pods-xianchufangUITests.release.xcconfig */ = {isa = PBXFileReference; includeInIndex = 1; lastKnownFileType = text.xcconfig; name = "Pods-xianchufangUITests.release.xcconfig"; path = "Pods/Target Support Files/Pods-xianchufangUITests/Pods-xianchufangUITests.release.xcconfig"; sourceTree = "<group>"; };
		9477BE687B951CEA28FE1489 /* libPods-xianchufangTests.a */ = {isa = PBXFileReference; explicitFileType = archive.ar; includeInIndex = 0; path = "libPods-xianchufangTests.a"; sourceTree = BUILT_PRODUCTS_DIR; };
		AF9AC094B611C216F4C34219 /* Pods-xianchufang.debug.xcconfig */ = {isa = PBXFileReference; includeInIndex = 1; lastKnownFileType = text.xcconfig; name = "Pods-xianchufang.debug.xcconfig"; path = "Pods/Target Support Files/Pods-xianchufang/Pods-xianchufang.debug.xcconfig"; sourceTree = "<group>"; };
/* End PBXFileReference section */

/* Begin PBXFrameworksBuildPhase section */
		146E22A81E5133EA00C1658D /* Frameworks */ = {
			isa = PBXFrameworksBuildPhase;
			buildActionMask = 2147483647;
			files = (
				9CE1E843D8B6A4722BA02921 /* libPods-xianchufang.a in Frameworks */,
			);
			runOnlyForDeploymentPostprocessing = 0;
		};
		146E22C11E5133EA00C1658D /* Frameworks */ = {
			isa = PBXFrameworksBuildPhase;
			buildActionMask = 2147483647;
			files = (
				6AF5B8F6A1DBE27DBD8378D5 /* libPods-xianchufangTests.a in Frameworks */,
			);
			runOnlyForDeploymentPostprocessing = 0;
		};
		146E22CC1E5133EA00C1658D /* Frameworks */ = {
			isa = PBXFrameworksBuildPhase;
			buildActionMask = 2147483647;
			files = (
				3079644388D28315695CE2BF /* libPods-xianchufangUITests.a in Frameworks */,
			);
			runOnlyForDeploymentPostprocessing = 0;
		};
/* End PBXFrameworksBuildPhase section */

/* Begin PBXGroup section */
		1464B8F51E5BDE6B003CC3BC /* Order */ = {
			isa = PBXGroup;
			children = (
				14CD5BDF1E659C9800179B88 /* OrderDetail */,
				14CD5BDE1E659C7800179B88 /* OrderStatus */,
				14D4C5D01E66B7AB005B1451 /* LJPaymentSuccessViewController.h */,
				14D4C5D11E66B7AB005B1451 /* LJPaymentSuccessViewController.m */,
			);
			name = Order;
			sourceTree = "<group>";
		};
		1464B8F91E5C00E4003CC3BC /* Order */ = {
			isa = PBXGroup;
			children = (
				14DE121E1E51FC1600836B46 /* LJOrderStatusTableViewCell.h */,
				14DE121F1E51FC1600836B46 /* LJOrderStatusTableViewCell.m */,
				1464B8F61E5C00DB003CC3BC /* LJOrderTableViewCell.h */,
				1464B8F71E5C00DB003CC3BC /* LJOrderTableViewCell.m */,
				1464B8FB1E5C1FD8003CC3BC /* LJOrderGoodsDetailTableViewCell.h */,
				1464B8FC1E5C1FD8003CC3BC /* LJOrderGoodsDetailTableViewCell.m */,
				14CD5BE31E65A81000179B88 /* LJOrderBaseDetailStatusTableViewCell.h */,
				14CD5BE41E65A81000179B88 /* LJOrderBaseDetailStatusTableViewCell.m */,
			);
			name = Order;
			sourceTree = "<group>";
		};
		1464B8FA1E5C0102003CC3BC /* Inventory */ = {
			isa = PBXGroup;
			children = (
				146A2E7C1E5ABEDB0092928D /* LJInventoryTableViewCell.h */,
				146A2E7D1E5ABEDB0092928D /* LJInventoryTableViewCell.m */,
			);
			name = Inventory;
			sourceTree = "<group>";
		};
		1466CFC41E5D5E7C00843FA9 /* MyCollect */ = {
			isa = PBXGroup;
			children = (
				1466CFC51E5D684500843FA9 /* LJMyCollectViewController.h */,
				1466CFC61E5D684500843FA9 /* LJMyCollectViewController.m */,
				1466CFCC1E5D82B600843FA9 /* LJMyCollectDetailViewController.h */,
				1466CFCD1E5D82B600843FA9 /* LJMyCollectDetailViewController.m */,
			);
			name = MyCollect;
			sourceTree = "<group>";
		};
		1466CFC81E5D699300843FA9 /* MyCollect */ = {
			isa = PBXGroup;
			children = (
				1466CFC91E5D69C500843FA9 /* LJMyCollectCollectionViewCell.h */,
				1466CFCA1E5D69C500843FA9 /* LJMyCollectCollectionViewCell.m */,
				1466CFCF1E5D888C00843FA9 /* LJMyCollectDetailTableViewCell.h */,
				1466CFD01E5D888C00843FA9 /* LJMyCollectDetailTableViewCell.m */,
			);
			name = MyCollect;
			sourceTree = "<group>";
		};
		1466CFD51E5DA7A900843FA9 /* Balance */ = {
			isa = PBXGroup;
			children = (
				1466CFD21E5DA79600843FA9 /* LJBalanceViewController.h */,
				1466CFD31E5DA79600843FA9 /* LJBalanceViewController.m */,
				1466CFD61E5DB60D00843FA9 /* LJBalanceDetailViewController.h */,
				1466CFD71E5DB60D00843FA9 /* LJBalanceDetailViewController.m */,
			);
			name = Balance;
			sourceTree = "<group>";
		};
		1466CFDC1E5DB65600843FA9 /* Integral */ = {
			isa = PBXGroup;
			children = (
				1466CFD91E5DB64C00843FA9 /* LJIntefralViewController.h */,
				1466CFDA1E5DB64C00843FA9 /* LJIntefralViewController.m */,
				1466CFDD1E5DBDD600843FA9 /* LJIntefralRuleViewController.h */,
				1466CFDE1E5DBDD600843FA9 /* LJIntefralRuleViewController.m */,
			);
			name = Integral;
			sourceTree = "<group>";
		};
		1466CFE01E5DBE0100843FA9 /* Integral */ = {
			isa = PBXGroup;
			children = (
				1466CFE11E5DBE1C00843FA9 /* LJIntegralTableViewCell.h */,
				1466CFE21E5DBE1C00843FA9 /* LJIntegralTableViewCell.m */,
			);
			name = Integral;
			sourceTree = "<group>";
		};
		1466CFE41E5DBE2E00843FA9 /* Balance */ = {
			isa = PBXGroup;
			children = (
				1466CFE51E5DBE3D00843FA9 /* LJBalanceTableViewCell.h */,
				1466CFE61E5DBE3D00843FA9 /* LJBalanceTableViewCell.m */,
			);
			name = Balance;
			sourceTree = "<group>";
		};
		146A2E881E5AFBDB0092928D /* Inventory */ = {
			isa = PBXGroup;
			children = (
				146A2E7F1E5ABF190092928D /* LJInventoryViewController.h */,
				146A2E801E5ABF190092928D /* LJInventoryViewController.m */,
				146A2E851E5AF7020092928D /* LJInventoryDetailViewController.h */,
				146A2E861E5AF7020092928D /* LJInventoryDetailViewController.m */,
			);
			name = Inventory;
			sourceTree = "<group>";
		};
		146AE8191E5EBABA0035F526 /* Order */ = {
			isa = PBXGroup;
			children = (
				146AE8161E5EBAB30035F526 /* LJOrderModel.h */,
				146AE8171E5EBAB30035F526 /* LJOrderModel.m */,
			);
			name = Order;
			sourceTree = "<group>";
		};
		146AE81A1E5EBACA0035F526 /* Goods */ = {
			isa = PBXGroup;
			children = (
				146AE81B1E5EBADE0035F526 /* LJGoodsModel.h */,
				146AE81C1E5EBADE0035F526 /* LJGoodsModel.m */,
			);
			name = Goods;
			sourceTree = "<group>";
		};
		146E22A21E5133EA00C1658D = {
			isa = PBXGroup;
			children = (
				14E05BA31E5137710057D3AE /* xianchufang */,
				146E22C71E5133EA00C1658D /* xianchufangTests */,
				146E22D21E5133EA00C1658D /* xianchufangUITests */,
				146E22AC1E5133EA00C1658D /* Products */,
				69A31AB3D2A1746C8AD045EE /* Pods */,
				356EBC447FCF0CCDBD04296A /* Frameworks */,
			);
			sourceTree = "<group>";
		};
		146E22AC1E5133EA00C1658D /* Products */ = {
			isa = PBXGroup;
			children = (
				146E22AB1E5133EA00C1658D /* xianchufang.app */,
				146E22C41E5133EA00C1658D /* xianchufangTests.xctest */,
				146E22CF1E5133EA00C1658D /* xianchufangUITests.xctest */,
			);
			name = Products;
			sourceTree = "<group>";
		};
		146E22C71E5133EA00C1658D /* xianchufangTests */ = {
			isa = PBXGroup;
			children = (
				146E22C81E5133EA00C1658D /* xianchufangTests.m */,
				146E22CA1E5133EA00C1658D /* Info.plist */,
			);
			path = xianchufangTests;
			sourceTree = "<group>";
		};
		146E22D21E5133EA00C1658D /* xianchufangUITests */ = {
			isa = PBXGroup;
			children = (
				146E22D31E5133EA00C1658D /* xianchufangUITests.m */,
				146E22D51E5133EA00C1658D /* Info.plist */,
			);
			path = xianchufangUITests;
			sourceTree = "<group>";
		};
		1486DAF51E54273E0096E46D /* Settings */ = {
			isa = PBXGroup;
			children = (
				1486DAF21E53FAFA0096E46D /* LJSettingViewController.h */,
				1486DAF31E53FAFA0096E46D /* LJSettingViewController.m */,
				1486DAF61E5428200096E46D /* LJUserInfoViewController.h */,
				1486DAF71E5428200096E46D /* LJUserInfoViewController.m */,
				14786BA81E555B740099451B /* LJModifyPhoneNumViewController.h */,
				14786BA91E555B740099451B /* LJModifyPhoneNumViewController.m */,
				1488C8081E5704FE00C1AC27 /* LJModifyPwdViewController.h */,
				1488C8091E5704FE00C1AC27 /* LJModifyPwdViewController.m */,
				1488C80E1E574ABD00C1AC27 /* LJOpinionViewController.h */,
				1488C80F1E574ABD00C1AC27 /* LJOpinionViewController.m */,
				1488C8011E56920F00C1AC27 /* Address */,
			);
			name = Settings;
			sourceTree = "<group>";
		};
		1486DAFC1E543AF60096E46D /* Settings */ = {
			isa = PBXGroup;
			children = (
				1486DAFD1E543B4C0096E46D /* LJUserHeaderTableViewCell.h */,
				1486DAFE1E543B4C0096E46D /* LJUserHeaderTableViewCell.m */,
				14786BAE1E559FED0099451B /* LJAddressSetTableViewCell.h */,
				14786BAF1E559FED0099451B /* LJAddressSetTableViewCell.m */,
			);
			name = Settings;
			sourceTree = "<group>";
		};
		1488724B1E5FCC05003941AD /* Inventory */ = {
			isa = PBXGroup;
			children = (
				1488724C1E5FCCDF003941AD /* LJInventoryModel.h */,
				1488724D1E5FCCDF003941AD /* LJInventoryModel.m */,
			);
			name = Inventory;
			sourceTree = "<group>";
		};
		148872521E60032E003941AD /* Address */ = {
			isa = PBXGroup;
			children = (
				1488724F1E600328003941AD /* LJAddressModel.h */,
				148872501E600328003941AD /* LJAddressModel.m */,
			);
			name = Address;
			sourceTree = "<group>";
		};
		148872531E600D3E003941AD /* about  us */ = {
			isa = PBXGroup;
			children = (
				1488C80B1E573A9900C1AC27 /* LJCheckUpdateViewController.h */,
				1488C80C1E573A9900C1AC27 /* LJCheckUpdateViewController.m */,
			);
			name = "about  us";
			sourceTree = "<group>";
		};
		148872541E60398C003941AD /* Online Service */ = {
			isa = PBXGroup;
			children = (
				148872571E6039E5003941AD /* LJOnlineServiceViewController.h */,
				148872581E6039E5003941AD /* LJOnlineServiceViewController.m */,
			);
			name = "Online Service";
			sourceTree = "<group>";
		};
		148872551E6039B5003941AD /* Online Service */ = {
			isa = PBXGroup;
			children = (
				148197801E629DD300CCAC3A /* LJOnlineServiceModel.h */,
				148197811E629DD300CCAC3A /* LJOnlineServiceModel.m */,
			);
			name = "Online Service";
			sourceTree = "<group>";
		};
		148872561E6039BB003941AD /* Online Service */ = {
			isa = PBXGroup;
			children = (
				1488725A1E603AAF003941AD /* LJInputView.h */,
				1488725B1E603AAF003941AD /* LJInputView.m */,
				1481977D1E62999C00CCAC3A /* LJOnlineServiceTableViewCell.h */,
				1481977E1E62999C00CCAC3A /* LJOnlineServiceTableViewCell.m */,
			);
			name = "Online Service";
			sourceTree = "<group>";
		};
		1488C8011E56920F00C1AC27 /* Address */ = {
			isa = PBXGroup;
			children = (
				14786BAB1E559D5F0099451B /* LJAddressSetViewController.h */,
				14786BAC1E559D5F0099451B /* LJAddressSetViewController.m */,
				1488C8021E56927A00C1AC27 /* LJNewAddressViewController.h */,
				1488C8031E56927A00C1AC27 /* LJNewAddressViewController.m */,
				1410354E1E642BA0001A5F3A /* LJAddressSelectedViewController.h */,
				1410354F1E642BA0001A5F3A /* LJAddressSelectedViewController.m */,
			);
			name = Address;
			sourceTree = "<group>";
		};
		14CD5BBE1E65108400179B88 /* News */ = {
			isa = PBXGroup;
			children = (
				14CD5BBF1E65112400179B88 /* LJNewsCenterViewController.h */,
				14CD5BC01E65112400179B88 /* LJNewsCenterViewController.m */,
			);
			name = News;
			sourceTree = "<group>";
		};
		14CD5BC21E65113300179B88 /* News */ = {
			isa = PBXGroup;
			children = (
				14CD5BC31E65115800179B88 /* LJNewsCenterTableViewCell.h */,
				14CD5BC41E65115800179B88 /* LJNewsCenterTableViewCell.m */,
			);
			name = News;
			sourceTree = "<group>";
		};
		14CD5BC61E6552ED00179B88 /* Order */ = {
			isa = PBXGroup;
			children = (
				14CD5BC71E65531600179B88 /* LJCommitOrderViewController.h */,
				14CD5BC81E65531600179B88 /* LJCommitOrderViewController.m */,
			);
			name = Order;
			sourceTree = "<group>";
		};
		14CD5BCA1E655E9100179B88 /* Order */ = {
			isa = PBXGroup;
			children = (
				14CD5BCB1E655EC800179B88 /* LJCommitOrderAddressTableViewCell.h */,
				14CD5BCC1E655EC800179B88 /* LJCommitOrderAddressTableViewCell.m */,
				14CD5BD41E656D6700179B88 /* LJCommitOrderGoodsDetailTableViewCell.h */,
				14CD5BD51E656D6700179B88 /* LJCommitOrderGoodsDetailTableViewCell.m */,
			);
			name = Order;
			sourceTree = "<group>";
		};
		14CD5BDA1E658BB800179B88 /* Order */ = {
			isa = PBXGroup;
			children = (
				14CD5BD71E657FB400179B88 /* LJCommitOrderCarMOder.h */,
				14CD5BD81E657FB400179B88 /* LJCommitOrderCarMOder.m */,
			);
			name = Order;
			sourceTree = "<group>";
		};
		14CD5BDE1E659C7800179B88 /* OrderStatus */ = {
			isa = PBXGroup;
			children = (
				1464B8F21E5BDE65003CC3BC /* LJOrderBaseViewController.h */,
				1464B8F31E5BDE65003CC3BC /* LJOrderBaseViewController.m */,
				1464B8FE1E5C2F44003CC3BC /* LJPayOrderViewController.h */,
				1464B8FF1E5C2F44003CC3BC /* LJPayOrderViewController.m */,
				1464B9011E5C2F5D003CC3BC /* LJReceiveOrderViewController.h */,
				1464B9021E5C2F5D003CC3BC /* LJReceiveOrderViewController.m */,
				1464B9041E5C2F8A003CC3BC /* LJEvaluateOrderViewController.h */,
				1464B9051E5C2F8A003CC3BC /* LJEvaluateOrderViewController.m */,
				1464B9071E5C2FA7003CC3BC /* LJReturnGoodsOrderViewController.h */,
				1464B9081E5C2FA7003CC3BC /* LJReturnGoodsOrderViewController.m */,
				1464B90A1E5C2FCF003CC3BC /* LJDeliverOreViewController.h */,
				1464B90B1E5C2FCF003CC3BC /* LJDeliverOreViewController.m */,
				1464B90D1E5C2FE1003CC3BC /* LJAllOrderViewController.h */,
				1464B90E1E5C2FE1003CC3BC /* LJAllOrderViewController.m */,
			);
			name = OrderStatus;
			sourceTree = "<group>";
		};
		14CD5BDF1E659C9800179B88 /* OrderDetail */ = {
			isa = PBXGroup;
			children = (
				14CD5BE01E65A16800179B88 /* LJOrderBaseDetailViewController.h */,
				14CD5BE11E65A16800179B88 /* LJOrderBaseDetailViewController.m */,
			);
			name = OrderDetail;
			sourceTree = "<group>";
		};
		14CD5BE61E65B89600179B88 /* GraphDraw */ = {
			isa = PBXGroup;
			children = (
			);
			name = GraphDraw;
			sourceTree = "<group>";
		};
		14E05BA31E5137710057D3AE /* xianchufang */ = {
			isa = PBXGroup;
			children = (
				14E05BD81E5137710057D3AE /* MainRoot */,
				14E05BA41E5137710057D3AE /* Class */,
				14E05BBF1E5137710057D3AE /* Common */,
				14E05BD31E5137710057D3AE /* Config */,
				14E05BD71E5137710057D3AE /* Libs */,
				14E05BDD1E5137710057D3AE /* Resource */,
			);
			path = xianchufang;
			sourceTree = "<group>";
		};
		14E05BA41E5137710057D3AE /* Class */ = {
			isa = PBXGroup;
			children = (
				14E05BA91E5137710057D3AE /* Home */,
				14E05BA51E5137710057D3AE /* Classify */,
				14E05BB91E5137710057D3AE /* ShoppingCart */,
				14E05BB31E5137710057D3AE /* Me */,
				14E05BAF1E5137710057D3AE /* Login&Regiter */,
			);
			path = Class;
			sourceTree = "<group>";
		};
		14E05BA51E5137710057D3AE /* Classify */ = {
			isa = PBXGroup;
			children = (
				14E05BA61E5137710057D3AE /* Controller */,
				14E05BA71E5137710057D3AE /* Model */,
				14E05BA81E5137710057D3AE /* View */,
			);
			path = Classify;
			sourceTree = "<group>";
		};
		14E05BA61E5137710057D3AE /* Controller */ = {
			isa = PBXGroup;
			children = (
				14E05BF11E513B170057D3AE /* LJClassifyViewController.h */,
				14E05BF21E513B170057D3AE /* LJClassifyViewController.m */,
			);
			path = Controller;
			sourceTree = "<group>";
		};
		14E05BA71E5137710057D3AE /* Model */ = {
			isa = PBXGroup;
			children = (
			);
			path = Model;
			sourceTree = "<group>";
		};
		14E05BA81E5137710057D3AE /* View */ = {
			isa = PBXGroup;
			children = (
			);
			path = View;
			sourceTree = "<group>";
		};
		14E05BA91E5137710057D3AE /* Home */ = {
			isa = PBXGroup;
			children = (
				14E05BAA1E5137710057D3AE /* Controller */,
				14E05BAD1E5137710057D3AE /* Model */,
				14E05BAE1E5137710057D3AE /* View */,
			);
			path = Home;
			sourceTree = "<group>";
		};
		14E05BAA1E5137710057D3AE /* Controller */ = {
			isa = PBXGroup;
			children = (
				14E05BAB1E5137710057D3AE /* LJHomeViewController.h */,
				14E05BAC1E5137710057D3AE /* LJHomeViewController.m */,
			);
			path = Controller;
			sourceTree = "<group>";
		};
		14E05BAD1E5137710057D3AE /* Model */ = {
			isa = PBXGroup;
			children = (
			);
			path = Model;
			sourceTree = "<group>";
		};
		14E05BAE1E5137710057D3AE /* View */ = {
			isa = PBXGroup;
			children = (
			);
			path = View;
			sourceTree = "<group>";
		};
		14E05BAF1E5137710057D3AE /* Login&Regiter */ = {
			isa = PBXGroup;
			children = (
				14E05BB01E5137710057D3AE /* Controller */,
				14E05BB11E5137710057D3AE /* Model */,
				14E05BB21E5137710057D3AE /* View */,
			);
			path = "Login&Regiter";
			sourceTree = "<group>";
		};
		14E05BB01E5137710057D3AE /* Controller */ = {
			isa = PBXGroup;
			children = (
				1410354B1E640B40001A5F3A /* LJLoginViewController.h */,
				1410354C1E640B40001A5F3A /* LJLoginViewController.m */,
			);
			path = Controller;
			sourceTree = "<group>";
		};
		14E05BB11E5137710057D3AE /* Model */ = {
			isa = PBXGroup;
			children = (
			);
			path = Model;
			sourceTree = "<group>";
		};
		14E05BB21E5137710057D3AE /* View */ = {
			isa = PBXGroup;
			children = (
			);
			path = View;
			sourceTree = "<group>";
		};
		14E05BB31E5137710057D3AE /* Me */ = {
			isa = PBXGroup;
			children = (
				14E05BB41E5137710057D3AE /* Controller */,
				14E05BB71E5137710057D3AE /* Model */,
				14E05BB81E5137710057D3AE /* View */,
			);
			path = Me;
			sourceTree = "<group>";
		};
		14E05BB41E5137710057D3AE /* Controller */ = {
			isa = PBXGroup;
			children = (
				14CD5BBE1E65108400179B88 /* News */,
				1466CFDC1E5DB65600843FA9 /* Integral */,
				1466CFD51E5DA7A900843FA9 /* Balance */,
				1466CFC41E5D5E7C00843FA9 /* MyCollect */,
				1464B8F51E5BDE6B003CC3BC /* Order */,
				146A2E881E5AFBDB0092928D /* Inventory */,
				1486DAF51E54273E0096E46D /* Settings */,
				148872531E600D3E003941AD /* about  us */,
				148872541E60398C003941AD /* Online Service */,
				14E05BB51E5137710057D3AE /* LJMeViewController.h */,
				14E05BB61E5137710057D3AE /* LJMeViewController.m */,
			);
			path = Controller;
			sourceTree = "<group>";
		};
		14E05BB71E5137710057D3AE /* Model */ = {
			isa = PBXGroup;
			children = (
				148872551E6039B5003941AD /* Online Service */,
				148872521E60032E003941AD /* Address */,
				1488724B1E5FCC05003941AD /* Inventory */,
				146AE81A1E5EBACA0035F526 /* Goods */,
				146AE8191E5EBABA0035F526 /* Order */,
			);
			path = Model;
			sourceTree = "<group>";
		};
		14E05BB81E5137710057D3AE /* View */ = {
			isa = PBXGroup;
			children = (
				14CD5BE61E65B89600179B88 /* GraphDraw */,
				14CD5BC21E65113300179B88 /* News */,
				148872561E6039BB003941AD /* Online Service */,
				1466CFE41E5DBE2E00843FA9 /* Balance */,
				1466CFE01E5DBE0100843FA9 /* Integral */,
				1466CFC81E5D699300843FA9 /* MyCollect */,
				1464B8FA1E5C0102003CC3BC /* Inventory */,
				1464B8F91E5C00E4003CC3BC /* Order */,
				1486DAFC1E543AF60096E46D /* Settings */,
				14DE12211E51FD1700836B46 /* LJButton.h */,
				14DE12221E51FD1700836B46 /* LJButton.m */,
			);
			path = View;
			sourceTree = "<group>";
		};
		14E05BB91E5137710057D3AE /* ShoppingCart */ = {
			isa = PBXGroup;
			children = (
				14E05BBA1E5137710057D3AE /* Controller */,
				14E05BBD1E5137710057D3AE /* Model */,
				14E05BBE1E5137710057D3AE /* View */,
			);
			path = ShoppingCart;
			sourceTree = "<group>";
		};
		14E05BBA1E5137710057D3AE /* Controller */ = {
			isa = PBXGroup;
			children = (
				14CD5BC61E6552ED00179B88 /* Order */,
				14E05BBB1E5137710057D3AE /* LJShoppingCartViewController.h */,
				14E05BBC1E5137710057D3AE /* LJShoppingCartViewController.m */,
			);
			path = Controller;
			sourceTree = "<group>";
		};
		14E05BBD1E5137710057D3AE /* Model */ = {
			isa = PBXGroup;
			children = (
				14CD5BDA1E658BB800179B88 /* Order */,
				146A2E891E5B2F280092928D /* LJShoppingCarModel.h */,
				146A2E8A1E5B2F280092928D /* LJShoppingCarModel.m */,
			);
			path = Model;
			sourceTree = "<group>";
		};
		14E05BBE1E5137710057D3AE /* View */ = {
			isa = PBXGroup;
			children = (
				14CD5BCA1E655E9100179B88 /* Order */,
				146A2E791E5A93530092928D /* LJShoppingCarTableViewCell.h */,
				146A2E7A1E5A93530092928D /* LJShoppingCarTableViewCell.m */,
			);
			path = View;
			sourceTree = "<group>";
		};
		14E05BBF1E5137710057D3AE /* Common */ = {
			isa = PBXGroup;
			children = (
				14E05BC01E5137710057D3AE /* Category */,
				14E05BC51E5137710057D3AE /* Contoller */,
				14E05BCA1E5137710057D3AE /* Model */,
				14E05BCB1E5137710057D3AE /* Tool */,
				14E05BD21E5137710057D3AE /* View */,
			);
			path = Common;
			sourceTree = "<group>";
		};
		14E05BC01E5137710057D3AE /* Category */ = {
			isa = PBXGroup;
			children = (
				14E05BC11E5137710057D3AE /* UIBarButtonItem+LJExtension.h */,
				14E05BC21E5137710057D3AE /* UIBarButtonItem+LJExtension.m */,
				14E05BC31E5137710057D3AE /* UIView+LJExtension.h */,
				14E05BC41E5137710057D3AE /* UIView+LJExtension.m */,
				14DE12131E51BCA700836B46 /* UIImage+LJExtension.h */,
				14DE12141E51BCA700836B46 /* UIImage+LJExtension.m */,
				14DE12161E51F01C00836B46 /* UIFont+LJExtension.h */,
				14DE12171E51F01C00836B46 /* UIFont+LJExtension.m */,
			);
			path = Category;
			sourceTree = "<group>";
		};
		14E05BC51E5137710057D3AE /* Contoller */ = {
			isa = PBXGroup;
			children = (
				14E05BC61E5137710057D3AE /* LJBaseNavigationController.h */,
				14E05BC71E5137710057D3AE /* LJBaseNavigationController.m */,
				14E05BC81E5137710057D3AE /* LJBaseViewController.h */,
				14E05BC91E5137710057D3AE /* LJBaseViewController.m */,
				1486DAF91E543AD70096E46D /* LJBaseTableViewCell.h */,
				1486DAFA1E543AD70096E46D /* LJBaseTableViewCell.m */,
			);
			path = Contoller;
			sourceTree = "<group>";
		};
		14E05BCA1E5137710057D3AE /* Model */ = {
			isa = PBXGroup;
			children = (
			);
			path = Model;
			sourceTree = "<group>";
		};
		14E05BCB1E5137710057D3AE /* Tool */ = {
			isa = PBXGroup;
			children = (
				14E05BCC1E5137710057D3AE /* LJConstants.h */,
				14E05BCD1E5137710057D3AE /* LJConstants.m */,
				14E05BCE1E5137710057D3AE /* LJData.h */,
				14E05BCF1E5137710057D3AE /* LJData.m */,
				14E05BD01E5137710057D3AE /* LJMD5Encrypt.h */,
				14E05BD11E5137710057D3AE /* LJMD5Encrypt.m */,
				148688441E5347210019DD3E /* LJRadDot.h */,
				148688451E5347210019DD3E /* LJRadDot.m */,
				1488C8051E56B6B700C1AC27 /* LJVerifyInfo.h */,
				1488C8061E56B6B700C1AC27 /* LJVerifyInfo.m */,
			);
			path = Tool;
			sourceTree = "<group>";
		};
		14E05BD21E5137710057D3AE /* View */ = {
			isa = PBXGroup;
			children = (
				1486DB001E544EEF0096E46D /* LJTooltip.h */,
				1486DB011E544EEF0096E46D /* LJTooltip.m */,
				14786BA51E55429E0099451B /* LJImageLeftButton.h */,
				14786BA61E55429E0099451B /* LJImageLeftButton.m */,
			);
			path = View;
			sourceTree = "<group>";
		};
		14E05BD31E5137710057D3AE /* Config */ = {
			isa = PBXGroup;
			children = (
				14E05BD41E5137710057D3AE /* Info.plist */,
				14E05BD51E5137710057D3AE /* main.m */,
				14E05BD61E5137710057D3AE /* PrefixHeader.pch */,
				14D4C5CE1E665E81005B1451 /* InfoPlist.strings */,
			);
			path = Config;
			sourceTree = "<group>";
		};
		14E05BD71E5137710057D3AE /* Libs */ = {
			isa = PBXGroup;
			children = (
			);
			path = Libs;
			sourceTree = "<group>";
		};
		14E05BD81E5137710057D3AE /* MainRoot */ = {
			isa = PBXGroup;
			children = (
				14E05BD91E5137710057D3AE /* AppDelegate.h */,
				14E05BDA1E5137710057D3AE /* AppDelegate.m */,
				14E05BDB1E5137710057D3AE /* LJRootViewController.h */,
				14E05BDC1E5137710057D3AE /* LJRootViewController.m */,
			);
			path = MainRoot;
			sourceTree = "<group>";
		};
		14E05BDD1E5137710057D3AE /* Resource */ = {
			isa = PBXGroup;
			children = (
				14E05BDE1E5137710057D3AE /* Assets.xcassets */,
				14E05BDF1E5137710057D3AE /* LaunchScreen.storyboard */,
			);
			path = Resource;
			sourceTree = "<group>";
		};
		356EBC447FCF0CCDBD04296A /* Frameworks */ = {
			isa = PBXGroup;
			children = (
				6D09D534CF2861434950BB01 /* libPods-xianchufang.a */,
				9477BE687B951CEA28FE1489 /* libPods-xianchufangTests.a */,
				32082EDFE29F9CB6DE42F8D7 /* libPods-xianchufangUITests.a */,
			);
			name = Frameworks;
			sourceTree = "<group>";
		};
		69A31AB3D2A1746C8AD045EE /* Pods */ = {
			isa = PBXGroup;
			children = (
				AF9AC094B611C216F4C34219 /* Pods-xianchufang.debug.xcconfig */,
				046EC9BC7D6EACBAEA68AED6 /* Pods-xianchufang.release.xcconfig */,
				441B679CD4B52A7E8ACDF875 /* Pods-xianchufangTests.debug.xcconfig */,
				330FEB2F19FFE9F2E194917C /* Pods-xianchufangTests.release.xcconfig */,
				42376F8938E036CF29AED4D0 /* Pods-xianchufangUITests.debug.xcconfig */,
				89A3EB1C380063296445AF94 /* Pods-xianchufangUITests.release.xcconfig */,
			);
			name = Pods;
			sourceTree = "<group>";
		};
/* End PBXGroup section */

/* Begin PBXNativeTarget section */
		146E22AA1E5133EA00C1658D /* xianchufang */ = {
			isa = PBXNativeTarget;
			buildConfigurationList = 146E22D81E5133EA00C1658D /* Build configuration list for PBXNativeTarget "xianchufang" */;
			buildPhases = (
				23FFE934B2B1AA0841129D2A /* [CP] Check Pods Manifest.lock */,
				146E22A71E5133EA00C1658D /* Sources */,
				146E22A81E5133EA00C1658D /* Frameworks */,
				146E22A91E5133EA00C1658D /* Resources */,
				2D7BDD8897E13063FC028E15 /* [CP] Embed Pods Frameworks */,
				C21BE6D421E5075D4C21C342 /* [CP] Copy Pods Resources */,
			);
			buildRules = (
			);
			dependencies = (
			);
			name = xianchufang;
			productName = xianchufang;
			productReference = 146E22AB1E5133EA00C1658D /* xianchufang.app */;
			productType = "com.apple.product-type.application";
		};
		146E22C31E5133EA00C1658D /* xianchufangTests */ = {
			isa = PBXNativeTarget;
			buildConfigurationList = 146E22DB1E5133EA00C1658D /* Build configuration list for PBXNativeTarget "xianchufangTests" */;
			buildPhases = (
				24AA48109799D01F0F8F160F /* [CP] Check Pods Manifest.lock */,
				146E22C01E5133EA00C1658D /* Sources */,
				146E22C11E5133EA00C1658D /* Frameworks */,
				146E22C21E5133EA00C1658D /* Resources */,
				35A8013448C6CE233242700D /* [CP] Embed Pods Frameworks */,
				2FA36F8BC24A72C8FD4DDC35 /* [CP] Copy Pods Resources */,
			);
			buildRules = (
			);
			dependencies = (
				146E22C61E5133EA00C1658D /* PBXTargetDependency */,
			);
			name = xianchufangTests;
			productName = xianchufangTests;
			productReference = 146E22C41E5133EA00C1658D /* xianchufangTests.xctest */;
			productType = "com.apple.product-type.bundle.unit-test";
		};
		146E22CE1E5133EA00C1658D /* xianchufangUITests */ = {
			isa = PBXNativeTarget;
			buildConfigurationList = 146E22DE1E5133EA00C1658D /* Build configuration list for PBXNativeTarget "xianchufangUITests" */;
			buildPhases = (
				C0CD43D6982D6ABB277DED08 /* [CP] Check Pods Manifest.lock */,
				146E22CB1E5133EA00C1658D /* Sources */,
				146E22CC1E5133EA00C1658D /* Frameworks */,
				146E22CD1E5133EA00C1658D /* Resources */,
				2049C5612757EBCD4D04D871 /* [CP] Embed Pods Frameworks */,
				33261B6EAB80C5FD3536E163 /* [CP] Copy Pods Resources */,
			);
			buildRules = (
			);
			dependencies = (
				146E22D11E5133EA00C1658D /* PBXTargetDependency */,
			);
			name = xianchufangUITests;
			productName = xianchufangUITests;
			productReference = 146E22CF1E5133EA00C1658D /* xianchufangUITests.xctest */;
			productType = "com.apple.product-type.bundle.ui-testing";
		};
/* End PBXNativeTarget section */

/* Begin PBXProject section */
		146E22A31E5133EA00C1658D /* Project object */ = {
			isa = PBXProject;
			attributes = {
				CLASSPREFIX = LJ;
				LastUpgradeCheck = 0820;
				ORGANIZATIONNAME = "zhenglong duan";
				TargetAttributes = {
					146E22AA1E5133EA00C1658D = {
						CreatedOnToolsVersion = 8.2.1;
						DevelopmentTeam = HZ9XRR9C5D;
						ProvisioningStyle = Automatic;
					};
					146E22C31E5133EA00C1658D = {
						CreatedOnToolsVersion = 8.2.1;
						DevelopmentTeam = HZ9XRR9C5D;
						ProvisioningStyle = Automatic;
						TestTargetID = 146E22AA1E5133EA00C1658D;
					};
					146E22CE1E5133EA00C1658D = {
						CreatedOnToolsVersion = 8.2.1;
						DevelopmentTeam = HZ9XRR9C5D;
						ProvisioningStyle = Automatic;
						TestTargetID = 146E22AA1E5133EA00C1658D;
					};
				};
			};
			buildConfigurationList = 146E22A61E5133EA00C1658D /* Build configuration list for PBXProject "xianchufang" */;
			compatibilityVersion = "Xcode 3.2";
			developmentRegion = English;
			hasScannedForEncodings = 0;
			knownRegions = (
				en,
				Base,
			);
			mainGroup = 146E22A21E5133EA00C1658D;
			productRefGroup = 146E22AC1E5133EA00C1658D /* Products */;
			projectDirPath = "";
			projectRoot = "";
			targets = (
				146E22AA1E5133EA00C1658D /* xianchufang */,
				146E22C31E5133EA00C1658D /* xianchufangTests */,
				146E22CE1E5133EA00C1658D /* xianchufangUITests */,
			);
		};
/* End PBXProject section */

/* Begin PBXResourcesBuildPhase section */
		146E22A91E5133EA00C1658D /* Resources */ = {
			isa = PBXResourcesBuildPhase;
			buildActionMask = 2147483647;
			files = (
				14E05BF01E5137710057D3AE /* LaunchScreen.storyboard in Resources */,
				14D4C5CC1E665E81005B1451 /* InfoPlist.strings in Resources */,
				14E05BEF1E5137710057D3AE /* Assets.xcassets in Resources */,
			);
			runOnlyForDeploymentPostprocessing = 0;
		};
		146E22C21E5133EA00C1658D /* Resources */ = {
			isa = PBXResourcesBuildPhase;
			buildActionMask = 2147483647;
			files = (
			);
			runOnlyForDeploymentPostprocessing = 0;
		};
		146E22CD1E5133EA00C1658D /* Resources */ = {
			isa = PBXResourcesBuildPhase;
			buildActionMask = 2147483647;
			files = (
			);
			runOnlyForDeploymentPostprocessing = 0;
		};
/* End PBXResourcesBuildPhase section */

/* Begin PBXShellScriptBuildPhase section */
		2049C5612757EBCD4D04D871 /* [CP] Embed Pods Frameworks */ = {
			isa = PBXShellScriptBuildPhase;
			buildActionMask = 2147483647;
			files = (
			);
			inputPaths = (
			);
			name = "[CP] Embed Pods Frameworks";
			outputPaths = (
			);
			runOnlyForDeploymentPostprocessing = 0;
			shellPath = /bin/sh;
			shellScript = "\"${SRCROOT}/Pods/Target Support Files/Pods-xianchufangUITests/Pods-xianchufangUITests-frameworks.sh\"\n";
			showEnvVarsInLog = 0;
		};
		23FFE934B2B1AA0841129D2A /* [CP] Check Pods Manifest.lock */ = {
			isa = PBXShellScriptBuildPhase;
			buildActionMask = 2147483647;
			files = (
			);
			inputPaths = (
			);
			name = "[CP] Check Pods Manifest.lock";
			outputPaths = (
			);
			runOnlyForDeploymentPostprocessing = 0;
			shellPath = /bin/sh;
			shellScript = "diff \"${PODS_ROOT}/../Podfile.lock\" \"${PODS_ROOT}/Manifest.lock\" > /dev/null\nif [ $? != 0 ] ; then\n    # print error to STDERR\n    echo \"error: The sandbox is not in sync with the Podfile.lock. Run 'pod install' or update your CocoaPods installation.\" >&2\n    exit 1\nfi\n";
			showEnvVarsInLog = 0;
		};
		24AA48109799D01F0F8F160F /* [CP] Check Pods Manifest.lock */ = {
			isa = PBXShellScriptBuildPhase;
			buildActionMask = 2147483647;
			files = (
			);
			inputPaths = (
			);
			name = "[CP] Check Pods Manifest.lock";
			outputPaths = (
			);
			runOnlyForDeploymentPostprocessing = 0;
			shellPath = /bin/sh;
			shellScript = "diff \"${PODS_ROOT}/../Podfile.lock\" \"${PODS_ROOT}/Manifest.lock\" > /dev/null\nif [ $? != 0 ] ; then\n    # print error to STDERR\n    echo \"error: The sandbox is not in sync with the Podfile.lock. Run 'pod install' or update your CocoaPods installation.\" >&2\n    exit 1\nfi\n";
			showEnvVarsInLog = 0;
		};
		2D7BDD8897E13063FC028E15 /* [CP] Embed Pods Frameworks */ = {
			isa = PBXShellScriptBuildPhase;
			buildActionMask = 2147483647;
			files = (
			);
			inputPaths = (
			);
			name = "[CP] Embed Pods Frameworks";
			outputPaths = (
			);
			runOnlyForDeploymentPostprocessing = 0;
			shellPath = /bin/sh;
			shellScript = "\"${SRCROOT}/Pods/Target Support Files/Pods-xianchufang/Pods-xianchufang-frameworks.sh\"\n";
			showEnvVarsInLog = 0;
		};
		2FA36F8BC24A72C8FD4DDC35 /* [CP] Copy Pods Resources */ = {
			isa = PBXShellScriptBuildPhase;
			buildActionMask = 2147483647;
			files = (
			);
			inputPaths = (
			);
			name = "[CP] Copy Pods Resources";
			outputPaths = (
			);
			runOnlyForDeploymentPostprocessing = 0;
			shellPath = /bin/sh;
			shellScript = "\"${SRCROOT}/Pods/Target Support Files/Pods-xianchufangTests/Pods-xianchufangTests-resources.sh\"\n";
			showEnvVarsInLog = 0;
		};
		33261B6EAB80C5FD3536E163 /* [CP] Copy Pods Resources */ = {
			isa = PBXShellScriptBuildPhase;
			buildActionMask = 2147483647;
			files = (
			);
			inputPaths = (
			);
			name = "[CP] Copy Pods Resources";
			outputPaths = (
			);
			runOnlyForDeploymentPostprocessing = 0;
			shellPath = /bin/sh;
			shellScript = "\"${SRCROOT}/Pods/Target Support Files/Pods-xianchufangUITests/Pods-xianchufangUITests-resources.sh\"\n";
			showEnvVarsInLog = 0;
		};
		35A8013448C6CE233242700D /* [CP] Embed Pods Frameworks */ = {
			isa = PBXShellScriptBuildPhase;
			buildActionMask = 2147483647;
			files = (
			);
			inputPaths = (
			);
			name = "[CP] Embed Pods Frameworks";
			outputPaths = (
			);
			runOnlyForDeploymentPostprocessing = 0;
			shellPath = /bin/sh;
			shellScript = "\"${SRCROOT}/Pods/Target Support Files/Pods-xianchufangTests/Pods-xianchufangTests-frameworks.sh\"\n";
			showEnvVarsInLog = 0;
		};
		C0CD43D6982D6ABB277DED08 /* [CP] Check Pods Manifest.lock */ = {
			isa = PBXShellScriptBuildPhase;
			buildActionMask = 2147483647;
			files = (
			);
			inputPaths = (
			);
			name = "[CP] Check Pods Manifest.lock";
			outputPaths = (
			);
			runOnlyForDeploymentPostprocessing = 0;
			shellPath = /bin/sh;
			shellScript = "diff \"${PODS_ROOT}/../Podfile.lock\" \"${PODS_ROOT}/Manifest.lock\" > /dev/null\nif [ $? != 0 ] ; then\n    # print error to STDERR\n    echo \"error: The sandbox is not in sync with the Podfile.lock. Run 'pod install' or update your CocoaPods installation.\" >&2\n    exit 1\nfi\n";
			showEnvVarsInLog = 0;
		};
		C21BE6D421E5075D4C21C342 /* [CP] Copy Pods Resources */ = {
			isa = PBXShellScriptBuildPhase;
			buildActionMask = 2147483647;
			files = (
			);
			inputPaths = (
			);
			name = "[CP] Copy Pods Resources";
			outputPaths = (
			);
			runOnlyForDeploymentPostprocessing = 0;
			shellPath = /bin/sh;
			shellScript = "\"${SRCROOT}/Pods/Target Support Files/Pods-xianchufang/Pods-xianchufang-resources.sh\"\n";
			showEnvVarsInLog = 0;
		};
/* End PBXShellScriptBuildPhase section */

/* Begin PBXSourcesBuildPhase section */
		146E22A71E5133EA00C1658D /* Sources */ = {
			isa = PBXSourcesBuildPhase;
			buildActionMask = 2147483647;
			files = (
				1486DAFB1E543AD70096E46D /* LJBaseTableViewCell.m in Sources */,
				14E05BEA1E5137710057D3AE /* LJMD5Encrypt.m in Sources */,
				1488C8101E574ABD00C1AC27 /* LJOpinionViewController.m in Sources */,
				148872591E6039E5003941AD /* LJOnlineServiceViewController.m in Sources */,
				1488C8041E56927A00C1AC27 /* LJNewAddressViewController.m in Sources */,
				14E05BE71E5137710057D3AE /* LJBaseViewController.m in Sources */,
				146A2E871E5AF7020092928D /* LJInventoryDetailViewController.m in Sources */,
				1464B8F81E5C00DB003CC3BC /* LJOrderTableViewCell.m in Sources */,
				1481977F1E62999C00CCAC3A /* LJOnlineServiceTableViewCell.m in Sources */,
				14DE12201E51FC1600836B46 /* LJOrderStatusTableViewCell.m in Sources */,
				146A2E7B1E5A93530092928D /* LJShoppingCarTableViewCell.m in Sources */,
				1464B8F41E5BDE65003CC3BC /* LJOrderBaseViewController.m in Sources */,
				1466CFDF1E5DBDD600843FA9 /* LJIntefralRuleViewController.m in Sources */,
				14DE12181E51F01C00836B46 /* UIFont+LJExtension.m in Sources */,
				1410354D1E640B40001A5F3A /* LJLoginViewController.m in Sources */,
				14786BA71E55429E0099451B /* LJImageLeftButton.m in Sources */,
				14CD5BD91E657FB400179B88 /* LJCommitOrderCarMOder.m in Sources */,
				146A2E8B1E5B2F280092928D /* LJShoppingCarModel.m in Sources */,
				14D4C5D21E66B7AB005B1451 /* LJPaymentSuccessViewController.m in Sources */,
				14DE12151E51BCA700836B46 /* UIImage+LJExtension.m in Sources */,
				14CD5BC91E65531600179B88 /* LJCommitOrderViewController.m in Sources */,
				14CD5BC51E65115800179B88 /* LJNewsCenterTableViewCell.m in Sources */,
				14E05BE51E5137710057D3AE /* UIView+LJExtension.m in Sources */,
				14786BAA1E555B740099451B /* LJModifyPhoneNumViewController.m in Sources */,
				1486DB021E544EEF0096E46D /* LJTooltip.m in Sources */,
				14CD5BD61E656D6700179B88 /* LJCommitOrderGoodsDetailTableViewCell.m in Sources */,
				14E05BE41E5137710057D3AE /* UIBarButtonItem+LJExtension.m in Sources */,
				1466CFE31E5DBE1C00843FA9 /* LJIntegralTableViewCell.m in Sources */,
				1464B90F1E5C2FE1003CC3BC /* LJAllOrderViewController.m in Sources */,
				1466CFD41E5DA79600843FA9 /* LJBalanceViewController.m in Sources */,
				1486DAF41E53FAFA0096E46D /* LJSettingViewController.m in Sources */,
				1466CFDB1E5DB64C00843FA9 /* LJIntefralViewController.m in Sources */,
				14E05BF31E513B170057D3AE /* LJClassifyViewController.m in Sources */,
				1488C80D1E573A9900C1AC27 /* LJCheckUpdateViewController.m in Sources */,
				146A2E811E5ABF190092928D /* LJInventoryViewController.m in Sources */,
				1466CFC71E5D684500843FA9 /* LJMyCollectViewController.m in Sources */,
				1488C8071E56B6B700C1AC27 /* LJVerifyInfo.m in Sources */,
				14E05BEE1E5137710057D3AE /* LJRootViewController.m in Sources */,
				1488724E1E5FCCDF003941AD /* LJInventoryModel.m in Sources */,
				14E05BE91E5137710057D3AE /* LJData.m in Sources */,
				146AE81D1E5EBADE0035F526 /* LJGoodsModel.m in Sources */,
				14786BAD1E559D5F0099451B /* LJAddressSetViewController.m in Sources */,
				148688461E5347210019DD3E /* LJRadDot.m in Sources */,
				14E05BE81E5137710057D3AE /* LJConstants.m in Sources */,
				148872511E600328003941AD /* LJAddressModel.m in Sources */,
				146A2E7E1E5ABEDB0092928D /* LJInventoryTableViewCell.m in Sources */,
				14CD5BE21E65A16800179B88 /* LJOrderBaseDetailViewController.m in Sources */,
				1466CFE71E5DBE3D00843FA9 /* LJBalanceTableViewCell.m in Sources */,
				14CD5BE51E65A81000179B88 /* LJOrderBaseDetailStatusTableViewCell.m in Sources */,
				1466CFD81E5DB60D00843FA9 /* LJBalanceDetailViewController.m in Sources */,
				1488C80A1E5704FE00C1AC27 /* LJModifyPwdViewController.m in Sources */,
				1466CFCE1E5D82B600843FA9 /* LJMyCollectDetailViewController.m in Sources */,
				1464B9061E5C2F8A003CC3BC /* LJEvaluateOrderViewController.m in Sources */,
				14E05BE61E5137710057D3AE /* LJBaseNavigationController.m in Sources */,
				14E05BE21E5137710057D3AE /* LJMeViewController.m in Sources */,
				1464B9001E5C2F44003CC3BC /* LJPayOrderViewController.m in Sources */,
				1464B9031E5C2F5D003CC3BC /* LJReceiveOrderViewController.m in Sources */,
				1466CFCB1E5D69C500843FA9 /* LJMyCollectCollectionViewCell.m in Sources */,
				148197821E629DD300CCAC3A /* LJOnlineServiceModel.m in Sources */,
				14DE12231E51FD1700836B46 /* LJButton.m in Sources */,
				1486DAF81E5428200096E46D /* LJUserInfoViewController.m in Sources */,
				14CD5BC11E65112400179B88 /* LJNewsCenterViewController.m in Sources */,
				1464B8FD1E5C1FD8003CC3BC /* LJOrderGoodsDetailTableViewCell.m in Sources */,
				141035501E642BA0001A5F3A /* LJAddressSelectedViewController.m in Sources */,
				146AE8181E5EBAB30035F526 /* LJOrderModel.m in Sources */,
				1466CFD11E5D888C00843FA9 /* LJMyCollectDetailTableViewCell.m in Sources */,
				14E05BED1E5137710057D3AE /* AppDelegate.m in Sources */,
				14E05BE31E5137710057D3AE /* LJShoppingCartViewController.m in Sources */,
				1486DAFF1E543B4C0096E46D /* LJUserHeaderTableViewCell.m in Sources */,
				14786BB01E559FED0099451B /* LJAddressSetTableViewCell.m in Sources */,
				14E05BEC1E5137710057D3AE /* main.m in Sources */,
				14E05BE11E5137710057D3AE /* LJHomeViewController.m in Sources */,
				1464B9091E5C2FA7003CC3BC /* LJReturnGoodsOrderViewController.m in Sources */,
				1464B90C1E5C2FCF003CC3BC /* LJDeliverOreViewController.m in Sources */,
				14CD5BCD1E655EC800179B88 /* LJCommitOrderAddressTableViewCell.m in Sources */,
				1488725C1E603AAF003941AD /* LJInputView.m in Sources */,
			);
			runOnlyForDeploymentPostprocessing = 0;
		};
		146E22C01E5133EA00C1658D /* Sources */ = {
			isa = PBXSourcesBuildPhase;
			buildActionMask = 2147483647;
			files = (
				146E22C91E5133EA00C1658D /* xianchufangTests.m in Sources */,
			);
			runOnlyForDeploymentPostprocessing = 0;
		};
		146E22CB1E5133EA00C1658D /* Sources */ = {
			isa = PBXSourcesBuildPhase;
			buildActionMask = 2147483647;
			files = (
				146E22D41E5133EA00C1658D /* xianchufangUITests.m in Sources */,
			);
			runOnlyForDeploymentPostprocessing = 0;
		};
/* End PBXSourcesBuildPhase section */

/* Begin PBXTargetDependency section */
		146E22C61E5133EA00C1658D /* PBXTargetDependency */ = {
			isa = PBXTargetDependency;
			target = 146E22AA1E5133EA00C1658D /* xianchufang */;
			targetProxy = 146E22C51E5133EA00C1658D /* PBXContainerItemProxy */;
		};
		146E22D11E5133EA00C1658D /* PBXTargetDependency */ = {
			isa = PBXTargetDependency;
			target = 146E22AA1E5133EA00C1658D /* xianchufang */;
			targetProxy = 146E22D01E5133EA00C1658D /* PBXContainerItemProxy */;
		};
/* End PBXTargetDependency section */

/* Begin PBXVariantGroup section */
		14D4C5CE1E665E81005B1451 /* InfoPlist.strings */ = {
			isa = PBXVariantGroup;
			children = (
				14D4C5CD1E665E81005B1451 /* zh-Hans */,
				14D4C5CF1E665E91005B1451 /* en */,
			);
			name = InfoPlist.strings;
			sourceTree = "<group>";
		};
		14E05BDF1E5137710057D3AE /* LaunchScreen.storyboard */ = {
			isa = PBXVariantGroup;
			children = (
				14E05BE01E5137710057D3AE /* Base */,
				14D4C5CB1E665E58005B1451 /* zh-Hans */,
			);
			name = LaunchScreen.storyboard;
			sourceTree = "<group>";
		};
/* End PBXVariantGroup section */

/* Begin XCBuildConfiguration section */
		146E22D61E5133EA00C1658D /* Debug */ = {
			isa = XCBuildConfiguration;
			buildSettings = {
				ALWAYS_SEARCH_USER_PATHS = NO;
				CLANG_ANALYZER_LOCALIZABILITY_NONLOCALIZED = YES;
				CLANG_ANALYZER_NONNULL = YES;
				CLANG_CXX_LANGUAGE_STANDARD = "gnu++0x";
				CLANG_CXX_LIBRARY = "libc++";
				CLANG_ENABLE_MODULES = YES;
				CLANG_ENABLE_OBJC_ARC = YES;
				CLANG_WARN_BOOL_CONVERSION = YES;
				CLANG_WARN_CONSTANT_CONVERSION = YES;
				CLANG_WARN_DIRECT_OBJC_ISA_USAGE = YES_ERROR;
				CLANG_WARN_DOCUMENTATION_COMMENTS = YES;
				CLANG_WARN_EMPTY_BODY = YES;
				CLANG_WARN_ENUM_CONVERSION = YES;
				CLANG_WARN_INFINITE_RECURSION = YES;
				CLANG_WARN_INT_CONVERSION = YES;
				CLANG_WARN_OBJC_ROOT_CLASS = YES_ERROR;
				CLANG_WARN_SUSPICIOUS_MOVE = YES;
				CLANG_WARN_UNREACHABLE_CODE = YES;
				CLANG_WARN__DUPLICATE_METHOD_MATCH = YES;
				"CODE_SIGN_IDENTITY[sdk=iphoneos*]" = "iPhone Developer";
				COPY_PHASE_STRIP = NO;
				DEBUG_INFORMATION_FORMAT = dwarf;
				ENABLE_STRICT_OBJC_MSGSEND = YES;
				ENABLE_TESTABILITY = YES;
				GCC_C_LANGUAGE_STANDARD = gnu99;
				GCC_DYNAMIC_NO_PIC = NO;
				GCC_NO_COMMON_BLOCKS = YES;
				GCC_OPTIMIZATION_LEVEL = 0;
				GCC_PREPROCESSOR_DEFINITIONS = (
					"DEBUG=1",
					"$(inherited)",
				);
				GCC_WARN_64_TO_32_BIT_CONVERSION = YES;
				GCC_WARN_ABOUT_RETURN_TYPE = YES_ERROR;
				GCC_WARN_UNDECLARED_SELECTOR = YES;
				GCC_WARN_UNINITIALIZED_AUTOS = YES_AGGRESSIVE;
				GCC_WARN_UNUSED_FUNCTION = YES;
				GCC_WARN_UNUSED_VARIABLE = YES;
				IPHONEOS_DEPLOYMENT_TARGET = 8.0;
				MTL_ENABLE_DEBUG_INFO = YES;
				ONLY_ACTIVE_ARCH = YES;
				SDKROOT = iphoneos;
			};
			name = Debug;
		};
		146E22D71E5133EA00C1658D /* Release */ = {
			isa = XCBuildConfiguration;
			buildSettings = {
				ALWAYS_SEARCH_USER_PATHS = NO;
				CLANG_ANALYZER_LOCALIZABILITY_NONLOCALIZED = YES;
				CLANG_ANALYZER_NONNULL = YES;
				CLANG_CXX_LANGUAGE_STANDARD = "gnu++0x";
				CLANG_CXX_LIBRARY = "libc++";
				CLANG_ENABLE_MODULES = YES;
				CLANG_ENABLE_OBJC_ARC = YES;
				CLANG_WARN_BOOL_CONVERSION = YES;
				CLANG_WARN_CONSTANT_CONVERSION = YES;
				CLANG_WARN_DIRECT_OBJC_ISA_USAGE = YES_ERROR;
				CLANG_WARN_DOCUMENTATION_COMMENTS = YES;
				CLANG_WARN_EMPTY_BODY = YES;
				CLANG_WARN_ENUM_CONVERSION = YES;
				CLANG_WARN_INFINITE_RECURSION = YES;
				CLANG_WARN_INT_CONVERSION = YES;
				CLANG_WARN_OBJC_ROOT_CLASS = YES_ERROR;
				CLANG_WARN_SUSPICIOUS_MOVE = YES;
				CLANG_WARN_UNREACHABLE_CODE = YES;
				CLANG_WARN__DUPLICATE_METHOD_MATCH = YES;
				"CODE_SIGN_IDENTITY[sdk=iphoneos*]" = "iPhone Developer";
				COPY_PHASE_STRIP = NO;
				DEBUG_INFORMATION_FORMAT = "dwarf-with-dsym";
				ENABLE_NS_ASSERTIONS = NO;
				ENABLE_STRICT_OBJC_MSGSEND = YES;
				GCC_C_LANGUAGE_STANDARD = gnu99;
				GCC_NO_COMMON_BLOCKS = YES;
				GCC_WARN_64_TO_32_BIT_CONVERSION = YES;
				GCC_WARN_ABOUT_RETURN_TYPE = YES_ERROR;
				GCC_WARN_UNDECLARED_SELECTOR = YES;
				GCC_WARN_UNINITIALIZED_AUTOS = YES_AGGRESSIVE;
				GCC_WARN_UNUSED_FUNCTION = YES;
				GCC_WARN_UNUSED_VARIABLE = YES;
				IPHONEOS_DEPLOYMENT_TARGET = 8.0;
				MTL_ENABLE_DEBUG_INFO = NO;
				SDKROOT = iphoneos;
				VALIDATE_PRODUCT = YES;
			};
			name = Release;
		};
		146E22D91E5133EA00C1658D /* Debug */ = {
			isa = XCBuildConfiguration;
			baseConfigurationReference = AF9AC094B611C216F4C34219 /* Pods-xianchufang.debug.xcconfig */;
			buildSettings = {
				ASSETCATALOG_COMPILER_APPICON_NAME = AppIcon;
				DEVELOPMENT_TEAM = HZ9XRR9C5D;
				GCC_PRECOMPILE_PREFIX_HEADER = NO;
				GCC_PREFIX_HEADER = xianchufang/Config/PrefixHeader.pch;
				INFOPLIST_FILE = xianchufang/Config/Info.plist;
				IPHONEOS_DEPLOYMENT_TARGET = 8.0;
				LD_RUNPATH_SEARCH_PATHS = "$(inherited) @executable_path/Frameworks";
				PRODUCT_BUNDLE_IDENTIFIER = shanghailinjuwangluo.xianchufang;
				PRODUCT_NAME = "$(TARGET_NAME)";
			};
			name = Debug;
		};
		146E22DA1E5133EA00C1658D /* Release */ = {
			isa = XCBuildConfiguration;
			baseConfigurationReference = 046EC9BC7D6EACBAEA68AED6 /* Pods-xianchufang.release.xcconfig */;
			buildSettings = {
				ASSETCATALOG_COMPILER_APPICON_NAME = AppIcon;
				DEVELOPMENT_TEAM = HZ9XRR9C5D;
				GCC_PRECOMPILE_PREFIX_HEADER = NO;
				GCC_PREFIX_HEADER = xianchufang/Config/PrefixHeader.pch;
				INFOPLIST_FILE = xianchufang/Config/Info.plist;
				IPHONEOS_DEPLOYMENT_TARGET = 8.0;
				LD_RUNPATH_SEARCH_PATHS = "$(inherited) @executable_path/Frameworks";
				PRODUCT_BUNDLE_IDENTIFIER = shanghailinjuwangluo.xianchufang;
				PRODUCT_NAME = "$(TARGET_NAME)";
			};
			name = Release;
		};
		146E22DC1E5133EA00C1658D /* Debug */ = {
			isa = XCBuildConfiguration;
			baseConfigurationReference = 441B679CD4B52A7E8ACDF875 /* Pods-xianchufangTests.debug.xcconfig */;
			buildSettings = {
				BUNDLE_LOADER = "$(TEST_HOST)";
				DEVELOPMENT_TEAM = HZ9XRR9C5D;
				INFOPLIST_FILE = xianchufangTests/Info.plist;
				LD_RUNPATH_SEARCH_PATHS = "$(inherited) @executable_path/Frameworks @loader_path/Frameworks";
				PRODUCT_BUNDLE_IDENTIFIER = shanghailinjuwangluo.xianchufangTests;
				PRODUCT_NAME = "$(TARGET_NAME)";
				TEST_HOST = "$(BUILT_PRODUCTS_DIR)/xianchufang.app/xianchufang";
			};
			name = Debug;
		};
		146E22DD1E5133EA00C1658D /* Release */ = {
			isa = XCBuildConfiguration;
			baseConfigurationReference = 330FEB2F19FFE9F2E194917C /* Pods-xianchufangTests.release.xcconfig */;
			buildSettings = {
				BUNDLE_LOADER = "$(TEST_HOST)";
				DEVELOPMENT_TEAM = HZ9XRR9C5D;
				INFOPLIST_FILE = xianchufangTests/Info.plist;
				LD_RUNPATH_SEARCH_PATHS = "$(inherited) @executable_path/Frameworks @loader_path/Frameworks";
				PRODUCT_BUNDLE_IDENTIFIER = shanghailinjuwangluo.xianchufangTests;
				PRODUCT_NAME = "$(TARGET_NAME)";
				TEST_HOST = "$(BUILT_PRODUCTS_DIR)/xianchufang.app/xianchufang";
			};
			name = Release;
		};
		146E22DF1E5133EA00C1658D /* Debug */ = {
			isa = XCBuildConfiguration;
			baseConfigurationReference = 42376F8938E036CF29AED4D0 /* Pods-xianchufangUITests.debug.xcconfig */;
			buildSettings = {
				DEVELOPMENT_TEAM = HZ9XRR9C5D;
				INFOPLIST_FILE = xianchufangUITests/Info.plist;
				LD_RUNPATH_SEARCH_PATHS = "$(inherited) @executable_path/Frameworks @loader_path/Frameworks";
				PRODUCT_BUNDLE_IDENTIFIER = shanghailinjuwangluo.xianchufangUITests;
				PRODUCT_NAME = "$(TARGET_NAME)";
				TEST_TARGET_NAME = xianchufang;
			};
			name = Debug;
		};
		146E22E01E5133EA00C1658D /* Release */ = {
			isa = XCBuildConfiguration;
			baseConfigurationReference = 89A3EB1C380063296445AF94 /* Pods-xianchufangUITests.release.xcconfig */;
			buildSettings = {
				DEVELOPMENT_TEAM = HZ9XRR9C5D;
				INFOPLIST_FILE = xianchufangUITests/Info.plist;
				LD_RUNPATH_SEARCH_PATHS = "$(inherited) @executable_path/Frameworks @loader_path/Frameworks";
				PRODUCT_BUNDLE_IDENTIFIER = shanghailinjuwangluo.xianchufangUITests;
				PRODUCT_NAME = "$(TARGET_NAME)";
				TEST_TARGET_NAME = xianchufang;
			};
			name = Release;
		};
/* End XCBuildConfiguration section */

/* Begin XCConfigurationList section */
		146E22A61E5133EA00C1658D /* Build configuration list for PBXProject "xianchufang" */ = {
			isa = XCConfigurationList;
			buildConfigurations = (
				146E22D61E5133EA00C1658D /* Debug */,
				146E22D71E5133EA00C1658D /* Release */,
			);
			defaultConfigurationIsVisible = 0;
			defaultConfigurationName = Release;
		};
		146E22D81E5133EA00C1658D /* Build configuration list for PBXNativeTarget "xianchufang" */ = {
			isa = XCConfigurationList;
			buildConfigurations = (
				146E22D91E5133EA00C1658D /* Debug */,
				146E22DA1E5133EA00C1658D /* Release */,
			);
			defaultConfigurationIsVisible = 0;
			defaultConfigurationName = Release;
		};
		146E22DB1E5133EA00C1658D /* Build configuration list for PBXNativeTarget "xianchufangTests" */ = {
			isa = XCConfigurationList;
			buildConfigurations = (
				146E22DC1E5133EA00C1658D /* Debug */,
				146E22DD1E5133EA00C1658D /* Release */,
			);
			defaultConfigurationIsVisible = 0;
			defaultConfigurationName = Release;
		};
		146E22DE1E5133EA00C1658D /* Build configuration list for PBXNativeTarget "xianchufangUITests" */ = {
			isa = XCConfigurationList;
			buildConfigurations = (
				146E22DF1E5133EA00C1658D /* Debug */,
				146E22E01E5133EA00C1658D /* Release */,
			);
			defaultConfigurationIsVisible = 0;
			defaultConfigurationName = Release;
		};
/* End XCConfigurationList section */
	};
	rootObject = 146E22A31E5133EA00C1658D /* Project object */;
}
